
Microsoft Visual Studio Solution File, Format Version 12.00
# Visual Studio Version 17
VisualStudioVersion = 17.0.31710.8
MinimumVisualStudioVersion = 10.0.40219.1
Project("{9A19103F-16F7-4668-BE54-9A1E7A4F7556}") = "Blazor.SourceGenerators", "src\Blazor.SourceGenerators\Blazor.SourceGenerators.csproj", "{EB31F4BB-B56E-42A3-A776-00FEDF9B73E4}"
EndProject
Project("{2150E333-8FDC-42A3-9474-1A3956D46DE8}") = "src", "src", "{537EB83C-6982-40B0-801A-479DF3B17DBE}"
EndProject
Project("{2150E333-8FDC-42A3-9474-1A3956D46DE8}") = "Solution Items", "Solution Items", "{B0D41451-A5B0-49EC-A857-5F2E852CDC10}"
	ProjectSection(SolutionItems) = preProject
		.editorconfig = .editorconfig
		.gitignore = .gitignore
		.github\workflows\build-validation.yml = .github\workflows\build-validation.yml
		LICENSE = LICENSE
		.github\workflows\pr-validation.yml = .github\workflows\pr-validation.yml
		.github\workflows\publish-nuget.yml = .github\workflows\publish-nuget.yml
		README.md = README.md
	EndProjectSection
EndProject
Project("{2150E333-8FDC-42A3-9474-1A3956D46DE8}") = "tests", "tests", "{A644CEC3-BD94-4EB6-9BF0-86B562806BF9}"
EndProject
Project("{9A19103F-16F7-4668-BE54-9A1E7A4F7556}") = "Blazor.SourceGenerators.Tests", "tests\Blazor.SourceGenerators.Tests\Blazor.SourceGenerators.Tests.csproj", "{A84D365E-4FC5-46DB-B25E-D1BB5D3A8C4A}"
EndProject
Project("{2150E333-8FDC-42A3-9474-1A3956D46DE8}") = "samples", "samples", "{91A35318-B03F-4D41-AE18-2C21B9D9C3F3}"
EndProject
Project("{9A19103F-16F7-4668-BE54-9A1E7A4F7556}") = "Blazor.ExampleConsumer", "samples\Blazor.ExampleConsumer\Blazor.ExampleConsumer.csproj", "{72914F05-4DF1-491C-B2E5-EFE9BB12FCC2}"
EndProject
Project("{9A19103F-16F7-4668-BE54-9A1E7A4F7556}") = "Blazor.LocalStorage.WebAssembly", "src\Blazor.LocalStorage.WebAssembly\Blazor.LocalStorage.WebAssembly.csproj", "{2F4EE253-7D56-4853-ADA7-4F2F6280C2D2}"
EndProject
Project("{9A19103F-16F7-4668-BE54-9A1E7A4F7556}") = "Blazor.LocalStorage.Server", "src\Blazor.LocalStorage.Server\Blazor.LocalStorage.Server.csproj", "{9AA2BB50-9F1A-43D0-BB6B-C3C4E9765BE1}"
EndProject
Project("{9A19103F-16F7-4668-BE54-9A1E7A4F7556}") = "Blazor.Serialization", "src\Blazor.Serialization\Blazor.Serialization.csproj", "{5E4658A7-4751-4F85-A558-12B8EBCA2BCA}"
EndProject
Project("{FAE04EC0-301F-11D3-BF4B-00C04F79EFBC}") = "Blazor.Geolocation.WebAssembly", "src\Blazor.Geolocation.WebAssembly\Blazor.Geolocation.WebAssembly.csproj", "{0BAC9703-45EE-4E9E-A0F0-556F02FCB901}"
EndProject
Global
	GlobalSection(SolutionConfigurationPlatforms) = preSolution
		Debug|Any CPU = Debug|Any CPU
		Release|Any CPU = Release|Any CPU
	EndGlobalSection
	GlobalSection(ProjectConfigurationPlatforms) = postSolution
		{EB31F4BB-B56E-42A3-A776-00FEDF9B73E4}.Debug|Any CPU.ActiveCfg = Debug|Any CPU
		{EB31F4BB-B56E-42A3-A776-00FEDF9B73E4}.Debug|Any CPU.Build.0 = Debug|Any CPU
		{EB31F4BB-B56E-42A3-A776-00FEDF9B73E4}.Release|Any CPU.ActiveCfg = Release|Any CPU
		{EB31F4BB-B56E-42A3-A776-00FEDF9B73E4}.Release|Any CPU.Build.0 = Release|Any CPU
		{A84D365E-4FC5-46DB-B25E-D1BB5D3A8C4A}.Debug|Any CPU.ActiveCfg = Debug|Any CPU
		{A84D365E-4FC5-46DB-B25E-D1BB5D3A8C4A}.Debug|Any CPU.Build.0 = Debug|Any CPU
		{A84D365E-4FC5-46DB-B25E-D1BB5D3A8C4A}.Release|Any CPU.ActiveCfg = Release|Any CPU
		{A84D365E-4FC5-46DB-B25E-D1BB5D3A8C4A}.Release|Any CPU.Build.0 = Release|Any CPU
		{72914F05-4DF1-491C-B2E5-EFE9BB12FCC2}.Debug|Any CPU.ActiveCfg = Debug|Any CPU
		{72914F05-4DF1-491C-B2E5-EFE9BB12FCC2}.Debug|Any CPU.Build.0 = Debug|Any CPU
		{72914F05-4DF1-491C-B2E5-EFE9BB12FCC2}.Release|Any CPU.ActiveCfg = Release|Any CPU
		{72914F05-4DF1-491C-B2E5-EFE9BB12FCC2}.Release|Any CPU.Build.0 = Release|Any CPU
		{2F4EE253-7D56-4853-ADA7-4F2F6280C2D2}.Debug|Any CPU.ActiveCfg = Debug|Any CPU
		{2F4EE253-7D56-4853-ADA7-4F2F6280C2D2}.Debug|Any CPU.Build.0 = Debug|Any CPU
		{2F4EE253-7D56-4853-ADA7-4F2F6280C2D2}.Release|Any CPU.ActiveCfg = Release|Any CPU
		{2F4EE253-7D56-4853-ADA7-4F2F6280C2D2}.Release|Any CPU.Build.0 = Release|Any CPU
		{9AA2BB50-9F1A-43D0-BB6B-C3C4E9765BE1}.Debug|Any CPU.ActiveCfg = Debug|Any CPU
		{9AA2BB50-9F1A-43D0-BB6B-C3C4E9765BE1}.Debug|Any CPU.Build.0 = Debug|Any CPU
		{9AA2BB50-9F1A-43D0-BB6B-C3C4E9765BE1}.Release|Any CPU.ActiveCfg = Release|Any CPU
		{9AA2BB50-9F1A-43D0-BB6B-C3C4E9765BE1}.Release|Any CPU.Build.0 = Release|Any CPU
		{5E4658A7-4751-4F85-A558-12B8EBCA2BCA}.Debug|Any CPU.ActiveCfg = Debug|Any CPU
		{5E4658A7-4751-4F85-A558-12B8EBCA2BCA}.Debug|Any CPU.Build.0 = Debug|Any CPU
		{5E4658A7-4751-4F85-A558-12B8EBCA2BCA}.Release|Any CPU.ActiveCfg = Release|Any CPU
		{5E4658A7-4751-4F85-A558-12B8EBCA2BCA}.Release|Any CPU.Build.0 = Release|Any CPU
		{0BAC9703-45EE-4E9E-A0F0-556F02FCB901}.Debug|Any CPU.ActiveCfg = Debug|Any CPU
		{0BAC9703-45EE-4E9E-A0F0-556F02FCB901}.Debug|Any CPU.Build.0 = Debug|Any CPU
		{0BAC9703-45EE-4E9E-A0F0-556F02FCB901}.Release|Any CPU.ActiveCfg = Release|Any CPU
		{0BAC9703-45EE-4E9E-A0F0-556F02FCB901}.Release|Any CPU.Build.0 = Release|Any CPU
	EndGlobalSection
	GlobalSection(SolutionProperties) = preSolution
		HideSolutionNode = FALSE
	EndGlobalSection
	GlobalSection(NestedProjects) = preSolution
		{EB31F4BB-B56E-42A3-A776-00FEDF9B73E4} = {537EB83C-6982-40B0-801A-479DF3B17DBE}
		{A84D365E-4FC5-46DB-B25E-D1BB5D3A8C4A} = {A644CEC3-BD94-4EB6-9BF0-86B562806BF9}
		{72914F05-4DF1-491C-B2E5-EFE9BB12FCC2} = {91A35318-B03F-4D41-AE18-2C21B9D9C3F3}
		{2F4EE253-7D56-4853-ADA7-4F2F6280C2D2} = {537EB83C-6982-40B0-801A-479DF3B17DBE}
		{9AA2BB50-9F1A-43D0-BB6B-C3C4E9765BE1} = {537EB83C-6982-40B0-801A-479DF3B17DBE}
		{5E4658A7-4751-4F85-A558-12B8EBCA2BCA} = {537EB83C-6982-40B0-801A-479DF3B17DBE}
		{0BAC9703-45EE-4E9E-A0F0-556F02FCB901} = {537EB83C-6982-40B0-801A-479DF3B17DBE}
	EndGlobalSection
	GlobalSection(ExtensibilityGlobals) = postSolution
		SolutionGuid = {3F86284A-32D2-4F79-B23C-7A0CB8775971}
	EndGlobalSection
EndGlobal
