
Microsoft Visual Studio Solution File, Format Version 12.00
# Visual Studio Version 17
VisualStudioVersion = 17.0.31710.8
MinimumVisualStudioVersion = 10.0.40219.1
Project("{9A19103F-16F7-4668-BE54-9A1E7A4F7556}") = "Blazor.SourceGenerators", "src\Blazor.SourceGenerators\Blazor.SourceGenerators.csproj", "{EB31F4BB-B56E-42A3-A776-00FEDF9B73E4}"
EndProject
Project("{2150E333-8FDC-42A3-9474-1A3956D46DE8}") = "src", "src", "{537EB83C-6982-40B0-801A-479DF3B17DBE}"
EndProject
Project("{2150E333-8FDC-42A3-9474-1A3956D46DE8}") = "Solution Items", "Solution Items", "{B0D41451-A5B0-49EC-A857-5F2E852CDC10}"
	ProjectSection(SolutionItems) = preProject
		.editorconfig = .editorconfig
		.gitignore = .gitignore
		.github\workflows\build-validation.yml = .github\workflows\build-validation.yml
		LICENSE = LICENSE
		logo-large.png = logo-large.png
		logo.png = logo.png
		.github\workflows\pr-validation.yml = .github\workflows\pr-validation.yml
		.github\workflows\publish-nuget.yml = .github\workflows\publish-nuget.yml
		.github\workflows\publish-to-gh-pages.yml = .github\workflows\publish-to-gh-pages.yml
		README.md = README.md
	EndProjectSection
EndProject
Project("{2150E333-8FDC-42A3-9474-1A3956D46DE8}") = "tests", "tests", "{A644CEC3-BD94-4EB6-9BF0-86B562806BF9}"
EndProject
Project("{9A19103F-16F7-4668-BE54-9A1E7A4F7556}") = "Blazor.SourceGenerators.Tests", "tests\Blazor.SourceGenerators.Tests\Blazor.SourceGenerators.Tests.csproj", "{A84D365E-4FC5-46DB-B25E-D1BB5D3A8C4A}"
EndProject
Project("{2150E333-8FDC-42A3-9474-1A3956D46DE8}") = "samples", "samples", "{91A35318-B03F-4D41-AE18-2C21B9D9C3F3}"
EndProject
Project("{9A19103F-16F7-4668-BE54-9A1E7A4F7556}") = "Blazor.ExampleConsumer", "samples\Blazor.ExampleConsumer\Blazor.ExampleConsumer.csproj", "{72914F05-4DF1-491C-B2E5-EFE9BB12FCC2}"
EndProject
Project("{9A19103F-16F7-4668-BE54-9A1E7A4F7556}") = "Blazor.LocalStorage.WebAssembly", "src\Blazor.LocalStorage.WebAssembly\Blazor.LocalStorage.WebAssembly.csproj", "{2F4EE253-7D56-4853-ADA7-4F2F6280C2D2}"
EndProject
Project("{9A19103F-16F7-4668-BE54-9A1E7A4F7556}") = "Blazor.LocalStorage", "src\Blazor.LocalStorage\Blazor.LocalStorage.csproj", "{9AA2BB50-9F1A-43D0-BB6B-C3C4E9765BE1}"
EndProject
Project("{9A19103F-16F7-4668-BE54-9A1E7A4F7556}") = "Blazor.Serialization", "src\Blazor.Serialization\Blazor.Serialization.csproj", "{5E4658A7-4751-4F85-A558-12B8EBCA2BCA}"
EndProject
Project("{9A19103F-16F7-4668-BE54-9A1E7A4F7556}") = "Blazor.Geolocation.WebAssembly", "src\Blazor.Geolocation.WebAssembly\Blazor.Geolocation.WebAssembly.csproj", "{0BAC9703-45EE-4E9E-A0F0-556F02FCB901}"
EndProject
Project("{9A19103F-16F7-4668-BE54-9A1E7A4F7556}") = "Blazor.Geolocation", "src\Blazor.Geolocation\Blazor.Geolocation.csproj", "{A9F3FE17-EF4C-44B8-B265-7D7DBAA42F84}"
EndProject
Project("{9A19103F-16F7-4668-BE54-9A1E7A4F7556}") = "Blazor.SessionStorage.WebAssembly", "src\Blazor.SessionStorage.WebAssembly\Blazor.SessionStorage.WebAssembly.csproj", "{B8FF9EFA-D8DA-43AB-8056-991FFDB609D8}"
EndProject
Project("{9A19103F-16F7-4668-BE54-9A1E7A4F7556}") = "Blazor.SessionStorage", "src\Blazor.SessionStorage\Blazor.SessionStorage.csproj", "{F54C9271-5C28-498D-9081-59EAA22FEC69}"
EndProject
Project("{9A19103F-16F7-4668-BE54-9A1E7A4F7556}") = "Blazor.SpeechSynthesis.WebAssembly", "src\Blazor.SpeechSynthesis.WebAssembly\Blazor.SpeechSynthesis.WebAssembly.csproj", "{35E7A636-C28A-40FC-99F3-CE6A5F3C49BF}"
EndProject
Project("{9A19103F-16F7-4668-BE54-9A1E7A4F7556}") = "Blazor.SpeechSynthesis", "src\Blazor.SpeechSynthesis\Blazor.SpeechSynthesis.csproj", "{CC36EFCE-CB59-4541-9E1E-2DBE5D1C290E}"
EndProject
Project("{FAE04EC0-301F-11D3-BF4B-00C04F79EFBC}") = "Blazor.SpeechRecognition.WebAssembly", "src\Blazor.SpeechRecognition.WebAssembly\Blazor.SpeechRecognition.WebAssembly.csproj", "{F8BC87F2-8864-49F8-B4C2-75662BEBB045}"
EndProject
Project("{FAE04EC0-301F-11D3-BF4B-00C04F79EFBC}") = "Blazor.SpeechRecognition", "src\Blazor.SpeechRecognition\Blazor.SpeechRecognition.csproj", "{7FB98CAE-0CDB-4EF8-B9BB-6C51D62252CD}"
EndProject
Project("{FAE04EC0-301F-11D3-BF4B-00C04F79EFBC}") = "Blazor.Permissions.WebAssembly", "src\Blazor.Permissions.WebAssembly\Blazor.Permissions.WebAssembly.csproj", "{FD387378-9B27-4852-8A77-684C33FDE844}"
EndProject
Global
	GlobalSection(SolutionConfigurationPlatforms) = preSolution
		Debug|Any CPU = Debug|Any CPU
		Release|Any CPU = Release|Any CPU
	EndGlobalSection
	GlobalSection(ProjectConfigurationPlatforms) = postSolution
		{EB31F4BB-B56E-42A3-A776-00FEDF9B73E4}.Debug|Any CPU.ActiveCfg = Debug|Any CPU
		{EB31F4BB-B56E-42A3-A776-00FEDF9B73E4}.Debug|Any CPU.Build.0 = Debug|Any CPU
		{EB31F4BB-B56E-42A3-A776-00FEDF9B73E4}.Release|Any CPU.ActiveCfg = Release|Any CPU
		{EB31F4BB-B56E-42A3-A776-00FEDF9B73E4}.Release|Any CPU.Build.0 = Release|Any CPU
		{A84D365E-4FC5-46DB-B25E-D1BB5D3A8C4A}.Debug|Any CPU.ActiveCfg = Debug|Any CPU
		{A84D365E-4FC5-46DB-B25E-D1BB5D3A8C4A}.Debug|Any CPU.Build.0 = Debug|Any CPU
		{A84D365E-4FC5-46DB-B25E-D1BB5D3A8C4A}.Release|Any CPU.ActiveCfg = Release|Any CPU
		{A84D365E-4FC5-46DB-B25E-D1BB5D3A8C4A}.Release|Any CPU.Build.0 = Release|Any CPU
		{72914F05-4DF1-491C-B2E5-EFE9BB12FCC2}.Debug|Any CPU.ActiveCfg = Debug|Any CPU
		{72914F05-4DF1-491C-B2E5-EFE9BB12FCC2}.Debug|Any CPU.Build.0 = Debug|Any CPU
		{72914F05-4DF1-491C-B2E5-EFE9BB12FCC2}.Release|Any CPU.ActiveCfg = Release|Any CPU
		{72914F05-4DF1-491C-B2E5-EFE9BB12FCC2}.Release|Any CPU.Build.0 = Release|Any CPU
		{2F4EE253-7D56-4853-ADA7-4F2F6280C2D2}.Debug|Any CPU.ActiveCfg = Debug|Any CPU
		{2F4EE253-7D56-4853-ADA7-4F2F6280C2D2}.Debug|Any CPU.Build.0 = Debug|Any CPU
		{2F4EE253-7D56-4853-ADA7-4F2F6280C2D2}.Release|Any CPU.ActiveCfg = Release|Any CPU
		{2F4EE253-7D56-4853-ADA7-4F2F6280C2D2}.Release|Any CPU.Build.0 = Release|Any CPU
		{9AA2BB50-9F1A-43D0-BB6B-C3C4E9765BE1}.Debug|Any CPU.ActiveCfg = Debug|Any CPU
		{9AA2BB50-9F1A-43D0-BB6B-C3C4E9765BE1}.Debug|Any CPU.Build.0 = Debug|Any CPU
		{9AA2BB50-9F1A-43D0-BB6B-C3C4E9765BE1}.Release|Any CPU.ActiveCfg = Release|Any CPU
		{9AA2BB50-9F1A-43D0-BB6B-C3C4E9765BE1}.Release|Any CPU.Build.0 = Release|Any CPU
		{5E4658A7-4751-4F85-A558-12B8EBCA2BCA}.Debug|Any CPU.ActiveCfg = Debug|Any CPU
		{5E4658A7-4751-4F85-A558-12B8EBCA2BCA}.Debug|Any CPU.Build.0 = Debug|Any CPU
		{5E4658A7-4751-4F85-A558-12B8EBCA2BCA}.Release|Any CPU.ActiveCfg = Release|Any CPU
		{5E4658A7-4751-4F85-A558-12B8EBCA2BCA}.Release|Any CPU.Build.0 = Release|Any CPU
		{0BAC9703-45EE-4E9E-A0F0-556F02FCB901}.Debug|Any CPU.ActiveCfg = Debug|Any CPU
		{0BAC9703-45EE-4E9E-A0F0-556F02FCB901}.Debug|Any CPU.Build.0 = Debug|Any CPU
		{0BAC9703-45EE-4E9E-A0F0-556F02FCB901}.Release|Any CPU.ActiveCfg = Release|Any CPU
		{0BAC9703-45EE-4E9E-A0F0-556F02FCB901}.Release|Any CPU.Build.0 = Release|Any CPU
		{A9F3FE17-EF4C-44B8-B265-7D7DBAA42F84}.Debug|Any CPU.ActiveCfg = Debug|Any CPU
		{A9F3FE17-EF4C-44B8-B265-7D7DBAA42F84}.Debug|Any CPU.Build.0 = Debug|Any CPU
		{A9F3FE17-EF4C-44B8-B265-7D7DBAA42F84}.Release|Any CPU.ActiveCfg = Release|Any CPU
		{A9F3FE17-EF4C-44B8-B265-7D7DBAA42F84}.Release|Any CPU.Build.0 = Release|Any CPU
		{B8FF9EFA-D8DA-43AB-8056-991FFDB609D8}.Debug|Any CPU.ActiveCfg = Debug|Any CPU
		{B8FF9EFA-D8DA-43AB-8056-991FFDB609D8}.Debug|Any CPU.Build.0 = Debug|Any CPU
		{B8FF9EFA-D8DA-43AB-8056-991FFDB609D8}.Release|Any CPU.ActiveCfg = Release|Any CPU
		{B8FF9EFA-D8DA-43AB-8056-991FFDB609D8}.Release|Any CPU.Build.0 = Release|Any CPU
		{F54C9271-5C28-498D-9081-59EAA22FEC69}.Debug|Any CPU.ActiveCfg = Debug|Any CPU
		{F54C9271-5C28-498D-9081-59EAA22FEC69}.Debug|Any CPU.Build.0 = Debug|Any CPU
		{F54C9271-5C28-498D-9081-59EAA22FEC69}.Release|Any CPU.ActiveCfg = Release|Any CPU
		{F54C9271-5C28-498D-9081-59EAA22FEC69}.Release|Any CPU.Build.0 = Release|Any CPU
		{35E7A636-C28A-40FC-99F3-CE6A5F3C49BF}.Debug|Any CPU.ActiveCfg = Debug|Any CPU
		{35E7A636-C28A-40FC-99F3-CE6A5F3C49BF}.Debug|Any CPU.Build.0 = Debug|Any CPU
		{35E7A636-C28A-40FC-99F3-CE6A5F3C49BF}.Release|Any CPU.ActiveCfg = Release|Any CPU
		{35E7A636-C28A-40FC-99F3-CE6A5F3C49BF}.Release|Any CPU.Build.0 = Release|Any CPU
		{CC36EFCE-CB59-4541-9E1E-2DBE5D1C290E}.Debug|Any CPU.ActiveCfg = Debug|Any CPU
		{CC36EFCE-CB59-4541-9E1E-2DBE5D1C290E}.Debug|Any CPU.Build.0 = Debug|Any CPU
		{CC36EFCE-CB59-4541-9E1E-2DBE5D1C290E}.Release|Any CPU.ActiveCfg = Release|Any CPU
		{CC36EFCE-CB59-4541-9E1E-2DBE5D1C290E}.Release|Any CPU.Build.0 = Release|Any CPU
		{F8BC87F2-8864-49F8-B4C2-75662BEBB045}.Debug|Any CPU.ActiveCfg = Debug|Any CPU
		{F8BC87F2-8864-49F8-B4C2-75662BEBB045}.Debug|Any CPU.Build.0 = Debug|Any CPU
		{F8BC87F2-8864-49F8-B4C2-75662BEBB045}.Release|Any CPU.ActiveCfg = Release|Any CPU
		{F8BC87F2-8864-49F8-B4C2-75662BEBB045}.Release|Any CPU.Build.0 = Release|Any CPU
		{7FB98CAE-0CDB-4EF8-B9BB-6C51D62252CD}.Debug|Any CPU.ActiveCfg = Debug|Any CPU
		{7FB98CAE-0CDB-4EF8-B9BB-6C51D62252CD}.Debug|Any CPU.Build.0 = Debug|Any CPU
		{7FB98CAE-0CDB-4EF8-B9BB-6C51D62252CD}.Release|Any CPU.ActiveCfg = Release|Any CPU
		{7FB98CAE-0CDB-4EF8-B9BB-6C51D62252CD}.Release|Any CPU.Build.0 = Release|Any CPU
		{FD387378-9B27-4852-8A77-684C33FDE844}.Debug|Any CPU.ActiveCfg = Debug|Any CPU
		{FD387378-9B27-4852-8A77-684C33FDE844}.Debug|Any CPU.Build.0 = Debug|Any CPU
		{FD387378-9B27-4852-8A77-684C33FDE844}.Release|Any CPU.ActiveCfg = Release|Any CPU
		{FD387378-9B27-4852-8A77-684C33FDE844}.Release|Any CPU.Build.0 = Release|Any CPU
	EndGlobalSection
	GlobalSection(SolutionProperties) = preSolution
		HideSolutionNode = FALSE
	EndGlobalSection
	GlobalSection(NestedProjects) = preSolution
		{EB31F4BB-B56E-42A3-A776-00FEDF9B73E4} = {537EB83C-6982-40B0-801A-479DF3B17DBE}
		{A84D365E-4FC5-46DB-B25E-D1BB5D3A8C4A} = {A644CEC3-BD94-4EB6-9BF0-86B562806BF9}
		{72914F05-4DF1-491C-B2E5-EFE9BB12FCC2} = {91A35318-B03F-4D41-AE18-2C21B9D9C3F3}
		{2F4EE253-7D56-4853-ADA7-4F2F6280C2D2} = {537EB83C-6982-40B0-801A-479DF3B17DBE}
		{9AA2BB50-9F1A-43D0-BB6B-C3C4E9765BE1} = {537EB83C-6982-40B0-801A-479DF3B17DBE}
		{5E4658A7-4751-4F85-A558-12B8EBCA2BCA} = {537EB83C-6982-40B0-801A-479DF3B17DBE}
		{0BAC9703-45EE-4E9E-A0F0-556F02FCB901} = {537EB83C-6982-40B0-801A-479DF3B17DBE}
		{A9F3FE17-EF4C-44B8-B265-7D7DBAA42F84} = {537EB83C-6982-40B0-801A-479DF3B17DBE}
		{B8FF9EFA-D8DA-43AB-8056-991FFDB609D8} = {537EB83C-6982-40B0-801A-479DF3B17DBE}
		{F54C9271-5C28-498D-9081-59EAA22FEC69} = {537EB83C-6982-40B0-801A-479DF3B17DBE}
		{35E7A636-C28A-40FC-99F3-CE6A5F3C49BF} = {537EB83C-6982-40B0-801A-479DF3B17DBE}
		{CC36EFCE-CB59-4541-9E1E-2DBE5D1C290E} = {537EB83C-6982-40B0-801A-479DF3B17DBE}
		{F8BC87F2-8864-49F8-B4C2-75662BEBB045} = {537EB83C-6982-40B0-801A-479DF3B17DBE}
		{7FB98CAE-0CDB-4EF8-B9BB-6C51D62252CD} = {537EB83C-6982-40B0-801A-479DF3B17DBE}
		{FD387378-9B27-4852-8A77-684C33FDE844} = {537EB83C-6982-40B0-801A-479DF3B17DBE}
	EndGlobalSection
	GlobalSection(ExtensibilityGlobals) = postSolution
		SolutionGuid = {3F86284A-32D2-4F79-B23C-7A0CB8775971}
	EndGlobalSection
EndGlobal
