
Microsoft Visual Studio Solution File, Format Version 12.00
# Visual Studio Version 17
VisualStudioVersion = 17.0.31710.8
MinimumVisualStudioVersion = 10.0.40219.1
Project("{9A19103F-16F7-4668-BE54-9A1E7A4F7556}") = "Blazor.SourceGenerators", "src\Blazor.SourceGenerators\Blazor.SourceGenerators.csproj", "{EB31F4BB-B56E-42A3-A776-00FEDF9B73E4}"
EndProject
Project("{2150E333-8FDC-42A3-9474-1A3956D46DE8}") = "src", "src", "{537EB83C-6982-40B0-801A-479DF3B17DBE}"
EndProject
Project("{2150E333-8FDC-42A3-9474-1A3956D46DE8}") = "Solution Items", "Solution Items", "{B0D41451-A5B0-49EC-A857-5F2E852CDC10}"
	ProjectSection(SolutionItems) = preProject
		.editorconfig = .editorconfig
		.gitignore = .gitignore
		Directory.Build.rsp = Directory.Build.rsp
		Directory.Build.props = Directory.Build.props
		Directory.Packages.props = Directory.Packages.props
		LICENSE = LICENSE
		logo-large.png = logo-large.png
		logo.png = logo.png
		README.md = README.md
	EndProjectSection
EndProject
Project("{2150E333-8FDC-42A3-9474-1A3956D46DE8}") = "tests", "tests", "{A644CEC3-BD94-4EB6-9BF0-86B562806BF9}"
EndProject
Project("{9A19103F-16F7-4668-BE54-9A1E7A4F7556}") = "Blazor.SourceGenerators.Tests", "tests\Blazor.SourceGenerators.Tests\Blazor.SourceGenerators.Tests.csproj", "{A84D365E-4FC5-46DB-B25E-D1BB5D3A8C4A}"
EndProject
Project("{2150E333-8FDC-42A3-9474-1A3956D46DE8}") = "samples", "samples", "{91A35318-B03F-4D41-AE18-2C21B9D9C3F3}"
EndProject
Project("{9A19103F-16F7-4668-BE54-9A1E7A4F7556}") = "Blazor.ExampleConsumer", "samples\Blazor.ExampleConsumer\Blazor.ExampleConsumer.csproj", "{72914F05-4DF1-491C-B2E5-EFE9BB12FCC2}"
EndProject
Project("{9A19103F-16F7-4668-BE54-9A1E7A4F7556}") = "Blazor.LocalStorage.WebAssembly", "src\Blazor.LocalStorage.WebAssembly\Blazor.LocalStorage.WebAssembly.csproj", "{2F4EE253-7D56-4853-ADA7-4F2F6280C2D2}"
EndProject
Project("{9A19103F-16F7-4668-BE54-9A1E7A4F7556}") = "Blazor.LocalStorage", "src\Blazor.LocalStorage\Blazor.LocalStorage.csproj", "{9AA2BB50-9F1A-43D0-BB6B-C3C4E9765BE1}"
EndProject
Project("{9A19103F-16F7-4668-BE54-9A1E7A4F7556}") = "Blazor.Serialization", "src\Blazor.Serialization\Blazor.Serialization.csproj", "{5E4658A7-4751-4F85-A558-12B8EBCA2BCA}"
EndProject
Project("{9A19103F-16F7-4668-BE54-9A1E7A4F7556}") = "Blazor.Geolocation.WebAssembly", "src\Blazor.Geolocation.WebAssembly\Blazor.Geolocation.WebAssembly.csproj", "{0BAC9703-45EE-4E9E-A0F0-556F02FCB901}"
EndProject
Project("{9A19103F-16F7-4668-BE54-9A1E7A4F7556}") = "Blazor.Geolocation", "src\Blazor.Geolocation\Blazor.Geolocation.csproj", "{A9F3FE17-EF4C-44B8-B265-7D7DBAA42F84}"
EndProject
Project("{9A19103F-16F7-4668-BE54-9A1E7A4F7556}") = "Blazor.SessionStorage.WebAssembly", "src\Blazor.SessionStorage.WebAssembly\Blazor.SessionStorage.WebAssembly.csproj", "{B8FF9EFA-D8DA-43AB-8056-991FFDB609D8}"
EndProject
Project("{9A19103F-16F7-4668-BE54-9A1E7A4F7556}") = "Blazor.SessionStorage", "src\Blazor.SessionStorage\Blazor.SessionStorage.csproj", "{F54C9271-5C28-498D-9081-59EAA22FEC69}"
EndProject
Project("{9A19103F-16F7-4668-BE54-9A1E7A4F7556}") = "Blazor.SpeechSynthesis.WebAssembly", "src\Blazor.SpeechSynthesis.WebAssembly\Blazor.SpeechSynthesis.WebAssembly.csproj", "{35E7A636-C28A-40FC-99F3-CE6A5F3C49BF}"
EndProject
Project("{9A19103F-16F7-4668-BE54-9A1E7A4F7556}") = "Blazor.SpeechSynthesis", "src\Blazor.SpeechSynthesis\Blazor.SpeechSynthesis.csproj", "{CC36EFCE-CB59-4541-9E1E-2DBE5D1C290E}"
EndProject
Project("{9A19103F-16F7-4668-BE54-9A1E7A4F7556}") = "Blazor.SpeechRecognition.WebAssembly", "src\Blazor.SpeechRecognition.WebAssembly\Blazor.SpeechRecognition.WebAssembly.csproj", "{F8BC87F2-8864-49F8-B4C2-75662BEBB045}"
EndProject
Project("{9A19103F-16F7-4668-BE54-9A1E7A4F7556}") = "Blazor.SpeechRecognition", "src\Blazor.SpeechRecognition\Blazor.SpeechRecognition.csproj", "{7FB98CAE-0CDB-4EF8-B9BB-6C51D62252CD}"
EndProject
Project("{9A19103F-16F7-4668-BE54-9A1E7A4F7556}") = "Blazor.Permissions.WebAssembly", "src\Blazor.Permissions.WebAssembly\Blazor.Permissions.WebAssembly.csproj", "{FD387378-9B27-4852-8A77-684C33FDE844}"
EndProject
Project("{9A19103F-16F7-4668-BE54-9A1E7A4F7556}") = "Blazor.ExampleConsumer.EndToEndTests", "tests\Blazor.ExampleConsumer.EndToEndTests\Blazor.ExampleConsumer.EndToEndTests.csproj", "{4D04B168-6971-4660-BC22-FA7F18150018}"
EndProject
Project("{9A19103F-16F7-4668-BE54-9A1E7A4F7556}") = "BlazorServer.ExampleConsumer", "samples\BlazorServer.ExampleConsumer\BlazorServer.ExampleConsumer.csproj", "{31D54C48-6325-4591-8612-87A917D49028}"
EndProject
Project("{9A19103F-16F7-4668-BE54-9A1E7A4F7556}") = "Blazor.DOM", "src\Blazor.DOM\Blazor.DOM.csproj", "{EB612E02-609F-4E34-BC3A-94D3ECB9F123}"
EndProject
Project("{9A19103F-16F7-4668-BE54-9A1E7A4F7556}") = "Blazor.DOM.WebAssembly", "src\Blazor.DOM.WebAssembly\Blazor.DOM.WebAssembly.csproj", "{5D23C3FA-FDDE-4DA3-98C9-7E11AB2144AA}"
EndProject
Project("{9A19103F-16F7-4668-BE54-9A1E7A4F7556}") = "Blazor.DOM.Tests", "tests\Blazor.DOM.Tests\Blazor.DOM.Tests.csproj", "{72C0107F-D32A-4EE0-BFC8-97B7C62A1DB9}"
EndProject
Project("{FAE04EC0-301F-11D3-BF4B-00C04F79EFBC}") = "Blazor.DOM.AdvancedTypes.CompilationTests", "tests\Blazor.DOM.AdvancedTypes.CompilationTests\Blazor.DOM.AdvancedTypes.CompilationTests.csproj", "{C6BD5E1D-119C-40DE-A596-D26D816CC5E1}"
EndProject
Project("{FAE04EC0-301F-11D3-BF4B-00C04F79EFBC}") = "Blazor.DOM.Accessors.CompilationTests", "tests\Blazor.DOM.Accessors.CompilationTests\Blazor.DOM.Accessors.CompilationTests.csproj", "{69465F71-DB90-414A-A766-95576CE28A11}"
EndProject
Project("{FAE04EC0-301F-11D3-BF4B-00C04F79EFBC}") = "Blazor.DOM.TypedEvents.CompilationTests", "tests\Blazor.DOM.TypedEvents.CompilationTests\Blazor.DOM.TypedEvents.CompilationTests.csproj", "{41063348-B221-4848-A989-4A611AF15D71}"
EndProject
Project("{FAE04EC0-301F-11D3-BF4B-00C04F79EFBC}") = "Blazor.DOM.Server.CompilationTests", "tests\Blazor.DOM.Server.CompilationTests\Blazor.DOM.Server.CompilationTests.csproj", "{621D8E74-2F2D-4C9F-ABEA-21702920AC0E}"
EndProject
Project("{FAE04EC0-301F-11D3-BF4B-00C04F79EFBC}") = "Blazor.DOM.WebAssembly.CompilationTests", "tests\Blazor.DOM.WebAssembly.CompilationTests\Blazor.DOM.WebAssembly.CompilationTests.csproj", "{0C480B16-1D15-402A-9AA3-9B0BC47F62C1}"
EndProject
Project("{FAE04EC0-301F-11D3-BF4B-00C04F79EFBC}") = "Blazor.DOM.ProfileRuntime", "tests\Blazor.DOM.ProfileRuntime\Blazor.DOM.ProfileRuntime.csproj", "{C6D7EE0F-6019-41CC-B08F-E50660019336}"
EndProject
Project("{FAE04EC0-301F-11D3-BF4B-00C04F79EFBC}") = "Blazor.WakeLock", "src\Blazor.WakeLock\Blazor.WakeLock.csproj", "{60FA097D-9E0C-4850-A1DD-730416AECEA8}"
EndProject
Project("{FAE04EC0-301F-11D3-BF4B-00C04F79EFBC}") = "Blazor.WakeLock.WebAssembly", "src\Blazor.WakeLock.WebAssembly\Blazor.WakeLock.WebAssembly.csproj", "{B90E8F25-C9F4-48D9-808C-69FF60A57188}"
EndProject
Project("{FAE04EC0-301F-11D3-BF4B-00C04F79EFBC}") = "Blazor.Permissions", "src\Blazor.Permissions\Blazor.Permissions.csproj", "{9C089C00-1464-4295-AE40-28DBFEB67C18}"
EndProject
Project("{FAE04EC0-301F-11D3-BF4B-00C04F79EFBC}") = "Blazor.WakeLock.Tests", "tests\Blazor.WakeLock.Tests\Blazor.WakeLock.Tests.csproj", "{2AFAB8C9-401C-4BF9-A1A1-3A927F706A79}"
EndProject
Project("{FAE04EC0-301F-11D3-BF4B-00C04F79EFBC}") = "Blazor.Clipboard", "src\Blazor.Clipboard\Blazor.Clipboard.csproj", "{15AFADFA-2EAE-48BE-99B4-002DD4D3A291}"
EndProject
Project("{FAE04EC0-301F-11D3-BF4B-00C04F79EFBC}") = "Blazor.Clipboard.WebAssembly", "src\Blazor.Clipboard.WebAssembly\Blazor.Clipboard.WebAssembly.csproj", "{1EF20C6D-B2B9-4E91-9545-5CDCBE6B50E6}"
EndProject
Project("{FAE04EC0-301F-11D3-BF4B-00C04F79EFBC}") = "Blazor.Share", "src\Blazor.Share\Blazor.Share.csproj", "{BEC1F40F-9126-4A5B-B1B0-EC1BD6DD4CA6}"
EndProject
Project("{FAE04EC0-301F-11D3-BF4B-00C04F79EFBC}") = "Blazor.Share.WebAssembly", "src\Blazor.Share.WebAssembly\Blazor.Share.WebAssembly.csproj", "{A1DCD9F0-FD53-4653-8C8F-A429BC8676C6}"
EndProject
Project("{FAE04EC0-301F-11D3-BF4B-00C04F79EFBC}") = "Blazor.StorageManagement", "src\Blazor.StorageManagement\Blazor.StorageManagement.csproj", "{D36EECA6-6DAC-4DC2-A427-64A7F85D3984}"
EndProject
Project("{FAE04EC0-301F-11D3-BF4B-00C04F79EFBC}") = "Blazor.StorageManagement.WebAssembly", "src\Blazor.StorageManagement.WebAssembly\Blazor.StorageManagement.WebAssembly.csproj", "{E7D98EB2-0E77-4B07-AC77-ECA9D839152B}"
EndProject
Project("{FAE04EC0-301F-11D3-BF4B-00C04F79EFBC}") = "Blazor.Screen", "src\Blazor.Screen\Blazor.Screen.csproj", "{53DEA418-6AFE-4173-8CCA-048264FB4FBC}"
EndProject
Project("{FAE04EC0-301F-11D3-BF4B-00C04F79EFBC}") = "Blazor.Screen.WebAssembly", "src\Blazor.Screen.WebAssembly\Blazor.Screen.WebAssembly.csproj", "{33F3F98A-6B0C-4596-9CB1-09AF1F709D26}"
EndProject
Project("{FAE04EC0-301F-11D3-BF4B-00C04F79EFBC}") = "Blazor.Clipboard.Tests", "tests\Blazor.Clipboard.Tests\Blazor.Clipboard.Tests.csproj", "{7A29955C-1720-482E-BF27-55FF96B1BE3E}"
EndProject
Project("{FAE04EC0-301F-11D3-BF4B-00C04F79EFBC}") = "Blazor.Share.Tests", "tests\Blazor.Share.Tests\Blazor.Share.Tests.csproj", "{FFEEF4AF-D4E9-4C32-85CE-0B8C6B05EA22}"
EndProject
Project("{FAE04EC0-301F-11D3-BF4B-00C04F79EFBC}") = "Blazor.StorageManagement.Tests", "tests\Blazor.StorageManagement.Tests\Blazor.StorageManagement.Tests.csproj", "{532C396B-2D19-4274-9DA5-7DAD3AF7CC0A}"
EndProject
Project("{FAE04EC0-301F-11D3-BF4B-00C04F79EFBC}") = "Blazor.Screen.Tests", "tests\Blazor.Screen.Tests\Blazor.Screen.Tests.csproj", "{E89AA3F6-73B1-46C9-BB09-57421848B0AE}"
EndProject
Project("{FAE04EC0-301F-11D3-BF4B-00C04F79EFBC}") = "Blazor.OfflineStorage", "src\Blazor.OfflineStorage\Blazor.OfflineStorage.csproj", "{290FBE62-94BA-4EAD-BF89-4260118E9B33}"
EndProject
Project("{FAE04EC0-301F-11D3-BF4B-00C04F79EFBC}") = "Blazor.OfflineStorage.WebAssembly", "src\Blazor.OfflineStorage.WebAssembly\Blazor.OfflineStorage.WebAssembly.csproj", "{F1035DEB-9A8B-47C5-8381-D75EEC817932}"
EndProject
Project("{FAE04EC0-301F-11D3-BF4B-00C04F79EFBC}") = "Blazor.BrowserCoordination", "src\Blazor.BrowserCoordination\Blazor.BrowserCoordination.csproj", "{280158A8-A745-43F8-89DF-EA83EE0CB0CA}"
EndProject
Project("{FAE04EC0-301F-11D3-BF4B-00C04F79EFBC}") = "Blazor.BrowserCoordination.WebAssembly", "src\Blazor.BrowserCoordination.WebAssembly\Blazor.BrowserCoordination.WebAssembly.csproj", "{D70B2212-ABB6-4483-99E1-3E6E35664079}"
EndProject
Project("{FAE04EC0-301F-11D3-BF4B-00C04F79EFBC}") = "Blazor.Performance", "src\Blazor.Performance\Blazor.Performance.csproj", "{4D070E29-B248-4F25-8F0B-E89A51A35C41}"
EndProject
Project("{FAE04EC0-301F-11D3-BF4B-00C04F79EFBC}") = "Blazor.Performance.WebAssembly", "src\Blazor.Performance.WebAssembly\Blazor.Performance.WebAssembly.csproj", "{7489ACDB-DC78-45AB-9233-56E93836256B}"
EndProject
Project("{FAE04EC0-301F-11D3-BF4B-00C04F79EFBC}") = "Blazor.Credentials", "src\Blazor.Credentials\Blazor.Credentials.csproj", "{8426B520-C324-47A3-BD60-221D1291F023}"
EndProject
Project("{FAE04EC0-301F-11D3-BF4B-00C04F79EFBC}") = "Blazor.Credentials.WebAssembly", "src\Blazor.Credentials.WebAssembly\Blazor.Credentials.WebAssembly.csproj", "{6085E3B2-0537-4E8B-B482-54D80BCBEE61}"
EndProject
Project("{FAE04EC0-301F-11D3-BF4B-00C04F79EFBC}") = "Blazor.WebCrypto", "src\Blazor.WebCrypto\Blazor.WebCrypto.csproj", "{F296CCC8-3148-4F61-A5C6-F63C52544CF1}"
EndProject
Project("{FAE04EC0-301F-11D3-BF4B-00C04F79EFBC}") = "Blazor.WebCrypto.WebAssembly", "src\Blazor.WebCrypto.WebAssembly\Blazor.WebCrypto.WebAssembly.csproj", "{AB19FDEF-4675-46BD-9885-70232EBA93F0}"
EndProject
Project("{FAE04EC0-301F-11D3-BF4B-00C04F79EFBC}") = "Blazor.MediaDevices", "src\Blazor.MediaDevices\Blazor.MediaDevices.csproj", "{0BECA961-842B-46BD-9E7D-705C3D6630A0}"
EndProject
Project("{FAE04EC0-301F-11D3-BF4B-00C04F79EFBC}") = "Blazor.MediaDevices.WebAssembly", "src\Blazor.MediaDevices.WebAssembly\Blazor.MediaDevices.WebAssembly.csproj", "{8529D86F-BC77-4A4E-A804-6083A6D8E766}"
EndProject
Project("{FAE04EC0-301F-11D3-BF4B-00C04F79EFBC}") = "Blazor.Notifications", "src\Blazor.Notifications\Blazor.Notifications.csproj", "{0AFEFFBC-6EC8-45EC-AA49-066F381F0CAA}"
EndProject
Project("{FAE04EC0-301F-11D3-BF4B-00C04F79EFBC}") = "Blazor.Notifications.WebAssembly", "src\Blazor.Notifications.WebAssembly\Blazor.Notifications.WebAssembly.csproj", "{65B93D37-BF20-4F73-B907-6D21843429DD}"
EndProject
Project("{FAE04EC0-301F-11D3-BF4B-00C04F79EFBC}") = "Blazor.OfflineStorage.Tests", "tests\Blazor.OfflineStorage.Tests\Blazor.OfflineStorage.Tests.csproj", "{293B0019-AFF3-4F66-9232-9E82F3EDB060}"
EndProject
Project("{FAE04EC0-301F-11D3-BF4B-00C04F79EFBC}") = "Blazor.BrowserCoordination.Tests", "tests\Blazor.BrowserCoordination.Tests\Blazor.BrowserCoordination.Tests.csproj", "{84969F1E-1C0F-4C06-97BF-F29AECACBCA7}"
EndProject
Project("{FAE04EC0-301F-11D3-BF4B-00C04F79EFBC}") = "Blazor.Performance.Tests", "tests\Blazor.Performance.Tests\Blazor.Performance.Tests.csproj", "{8C35E198-B11C-4720-B391-B5BDF50834B9}"
EndProject
Project("{FAE04EC0-301F-11D3-BF4B-00C04F79EFBC}") = "Blazor.Credentials.Tests", "tests\Blazor.Credentials.Tests\Blazor.Credentials.Tests.csproj", "{E6DC03FB-7F9C-42A7-80B9-0D743BCD0D9F}"
EndProject
Project("{FAE04EC0-301F-11D3-BF4B-00C04F79EFBC}") = "Blazor.WebCrypto.Tests", "tests\Blazor.WebCrypto.Tests\Blazor.WebCrypto.Tests.csproj", "{D9BEF964-5BD9-4B4E-A14E-B76C18D2797C}"
EndProject
Global
	GlobalSection(SolutionConfigurationPlatforms) = preSolution
		Debug|Any CPU = Debug|Any CPU
		Debug|x64 = Debug|x64
		Debug|x86 = Debug|x86
		Release|Any CPU = Release|Any CPU
		Release|x64 = Release|x64
		Release|x86 = Release|x86
	EndGlobalSection
	GlobalSection(ProjectConfigurationPlatforms) = postSolution
		{EB31F4BB-B56E-42A3-A776-00FEDF9B73E4}.Debug|Any CPU.ActiveCfg = Debug|Any CPU
		{EB31F4BB-B56E-42A3-A776-00FEDF9B73E4}.Debug|Any CPU.Build.0 = Debug|Any CPU
		{EB31F4BB-B56E-42A3-A776-00FEDF9B73E4}.Debug|x64.ActiveCfg = Debug|Any CPU
		{EB31F4BB-B56E-42A3-A776-00FEDF9B73E4}.Debug|x64.Build.0 = Debug|Any CPU
		{EB31F4BB-B56E-42A3-A776-00FEDF9B73E4}.Debug|x86.ActiveCfg = Debug|Any CPU
		{EB31F4BB-B56E-42A3-A776-00FEDF9B73E4}.Debug|x86.Build.0 = Debug|Any CPU
		{EB31F4BB-B56E-42A3-A776-00FEDF9B73E4}.Release|Any CPU.ActiveCfg = Release|Any CPU
		{EB31F4BB-B56E-42A3-A776-00FEDF9B73E4}.Release|Any CPU.Build.0 = Release|Any CPU
		{EB31F4BB-B56E-42A3-A776-00FEDF9B73E4}.Release|x64.ActiveCfg = Release|Any CPU
		{EB31F4BB-B56E-42A3-A776-00FEDF9B73E4}.Release|x64.Build.0 = Release|Any CPU
		{EB31F4BB-B56E-42A3-A776-00FEDF9B73E4}.Release|x86.ActiveCfg = Release|Any CPU
		{EB31F4BB-B56E-42A3-A776-00FEDF9B73E4}.Release|x86.Build.0 = Release|Any CPU
		{A84D365E-4FC5-46DB-B25E-D1BB5D3A8C4A}.Debug|Any CPU.ActiveCfg = Debug|Any CPU
		{A84D365E-4FC5-46DB-B25E-D1BB5D3A8C4A}.Debug|Any CPU.Build.0 = Debug|Any CPU
		{A84D365E-4FC5-46DB-B25E-D1BB5D3A8C4A}.Debug|x64.ActiveCfg = Debug|Any CPU
		{A84D365E-4FC5-46DB-B25E-D1BB5D3A8C4A}.Debug|x64.Build.0 = Debug|Any CPU
		{A84D365E-4FC5-46DB-B25E-D1BB5D3A8C4A}.Debug|x86.ActiveCfg = Debug|Any CPU
		{A84D365E-4FC5-46DB-B25E-D1BB5D3A8C4A}.Debug|x86.Build.0 = Debug|Any CPU
		{A84D365E-4FC5-46DB-B25E-D1BB5D3A8C4A}.Release|Any CPU.ActiveCfg = Release|Any CPU
		{A84D365E-4FC5-46DB-B25E-D1BB5D3A8C4A}.Release|Any CPU.Build.0 = Release|Any CPU
		{A84D365E-4FC5-46DB-B25E-D1BB5D3A8C4A}.Release|x64.ActiveCfg = Release|Any CPU
		{A84D365E-4FC5-46DB-B25E-D1BB5D3A8C4A}.Release|x64.Build.0 = Release|Any CPU
		{A84D365E-4FC5-46DB-B25E-D1BB5D3A8C4A}.Release|x86.ActiveCfg = Release|Any CPU
		{A84D365E-4FC5-46DB-B25E-D1BB5D3A8C4A}.Release|x86.Build.0 = Release|Any CPU
		{72914F05-4DF1-491C-B2E5-EFE9BB12FCC2}.Debug|Any CPU.ActiveCfg = Debug|Any CPU
		{72914F05-4DF1-491C-B2E5-EFE9BB12FCC2}.Debug|Any CPU.Build.0 = Debug|Any CPU
		{72914F05-4DF1-491C-B2E5-EFE9BB12FCC2}.Debug|x64.ActiveCfg = Debug|Any CPU
		{72914F05-4DF1-491C-B2E5-EFE9BB12FCC2}.Debug|x64.Build.0 = Debug|Any CPU
		{72914F05-4DF1-491C-B2E5-EFE9BB12FCC2}.Debug|x86.ActiveCfg = Debug|Any CPU
		{72914F05-4DF1-491C-B2E5-EFE9BB12FCC2}.Debug|x86.Build.0 = Debug|Any CPU
		{72914F05-4DF1-491C-B2E5-EFE9BB12FCC2}.Release|Any CPU.ActiveCfg = Release|Any CPU
		{72914F05-4DF1-491C-B2E5-EFE9BB12FCC2}.Release|Any CPU.Build.0 = Release|Any CPU
		{72914F05-4DF1-491C-B2E5-EFE9BB12FCC2}.Release|x64.ActiveCfg = Release|Any CPU
		{72914F05-4DF1-491C-B2E5-EFE9BB12FCC2}.Release|x64.Build.0 = Release|Any CPU
		{72914F05-4DF1-491C-B2E5-EFE9BB12FCC2}.Release|x86.ActiveCfg = Release|Any CPU
		{72914F05-4DF1-491C-B2E5-EFE9BB12FCC2}.Release|x86.Build.0 = Release|Any CPU
		{2F4EE253-7D56-4853-ADA7-4F2F6280C2D2}.Debug|Any CPU.ActiveCfg = Debug|Any CPU
		{2F4EE253-7D56-4853-ADA7-4F2F6280C2D2}.Debug|Any CPU.Build.0 = Debug|Any CPU
		{2F4EE253-7D56-4853-ADA7-4F2F6280C2D2}.Debug|x64.ActiveCfg = Debug|Any CPU
		{2F4EE253-7D56-4853-ADA7-4F2F6280C2D2}.Debug|x64.Build.0 = Debug|Any CPU
		{2F4EE253-7D56-4853-ADA7-4F2F6280C2D2}.Debug|x86.ActiveCfg = Debug|Any CPU
		{2F4EE253-7D56-4853-ADA7-4F2F6280C2D2}.Debug|x86.Build.0 = Debug|Any CPU
		{2F4EE253-7D56-4853-ADA7-4F2F6280C2D2}.Release|Any CPU.ActiveCfg = Release|Any CPU
		{2F4EE253-7D56-4853-ADA7-4F2F6280C2D2}.Release|Any CPU.Build.0 = Release|Any CPU
		{2F4EE253-7D56-4853-ADA7-4F2F6280C2D2}.Release|x64.ActiveCfg = Release|Any CPU
		{2F4EE253-7D56-4853-ADA7-4F2F6280C2D2}.Release|x64.Build.0 = Release|Any CPU
		{2F4EE253-7D56-4853-ADA7-4F2F6280C2D2}.Release|x86.ActiveCfg = Release|Any CPU
		{2F4EE253-7D56-4853-ADA7-4F2F6280C2D2}.Release|x86.Build.0 = Release|Any CPU
		{9AA2BB50-9F1A-43D0-BB6B-C3C4E9765BE1}.Debug|Any CPU.ActiveCfg = Debug|Any CPU
		{9AA2BB50-9F1A-43D0-BB6B-C3C4E9765BE1}.Debug|Any CPU.Build.0 = Debug|Any CPU
		{9AA2BB50-9F1A-43D0-BB6B-C3C4E9765BE1}.Debug|x64.ActiveCfg = Debug|Any CPU
		{9AA2BB50-9F1A-43D0-BB6B-C3C4E9765BE1}.Debug|x64.Build.0 = Debug|Any CPU
		{9AA2BB50-9F1A-43D0-BB6B-C3C4E9765BE1}.Debug|x86.ActiveCfg = Debug|Any CPU
		{9AA2BB50-9F1A-43D0-BB6B-C3C4E9765BE1}.Debug|x86.Build.0 = Debug|Any CPU
		{9AA2BB50-9F1A-43D0-BB6B-C3C4E9765BE1}.Release|Any CPU.ActiveCfg = Release|Any CPU
		{9AA2BB50-9F1A-43D0-BB6B-C3C4E9765BE1}.Release|Any CPU.Build.0 = Release|Any CPU
		{9AA2BB50-9F1A-43D0-BB6B-C3C4E9765BE1}.Release|x64.ActiveCfg = Release|Any CPU
		{9AA2BB50-9F1A-43D0-BB6B-C3C4E9765BE1}.Release|x64.Build.0 = Release|Any CPU
		{9AA2BB50-9F1A-43D0-BB6B-C3C4E9765BE1}.Release|x86.ActiveCfg = Release|Any CPU
		{9AA2BB50-9F1A-43D0-BB6B-C3C4E9765BE1}.Release|x86.Build.0 = Release|Any CPU
		{5E4658A7-4751-4F85-A558-12B8EBCA2BCA}.Debug|Any CPU.ActiveCfg = Debug|Any CPU
		{5E4658A7-4751-4F85-A558-12B8EBCA2BCA}.Debug|Any CPU.Build.0 = Debug|Any CPU
		{5E4658A7-4751-4F85-A558-12B8EBCA2BCA}.Debug|x64.ActiveCfg = Debug|Any CPU
		{5E4658A7-4751-4F85-A558-12B8EBCA2BCA}.Debug|x64.Build.0 = Debug|Any CPU
		{5E4658A7-4751-4F85-A558-12B8EBCA2BCA}.Debug|x86.ActiveCfg = Debug|Any CPU
		{5E4658A7-4751-4F85-A558-12B8EBCA2BCA}.Debug|x86.Build.0 = Debug|Any CPU
		{5E4658A7-4751-4F85-A558-12B8EBCA2BCA}.Release|Any CPU.ActiveCfg = Release|Any CPU
		{5E4658A7-4751-4F85-A558-12B8EBCA2BCA}.Release|Any CPU.Build.0 = Release|Any CPU
		{5E4658A7-4751-4F85-A558-12B8EBCA2BCA}.Release|x64.ActiveCfg = Release|Any CPU
		{5E4658A7-4751-4F85-A558-12B8EBCA2BCA}.Release|x64.Build.0 = Release|Any CPU
		{5E4658A7-4751-4F85-A558-12B8EBCA2BCA}.Release|x86.ActiveCfg = Release|Any CPU
		{5E4658A7-4751-4F85-A558-12B8EBCA2BCA}.Release|x86.Build.0 = Release|Any CPU
		{0BAC9703-45EE-4E9E-A0F0-556F02FCB901}.Debug|Any CPU.ActiveCfg = Debug|Any CPU
		{0BAC9703-45EE-4E9E-A0F0-556F02FCB901}.Debug|Any CPU.Build.0 = Debug|Any CPU
		{0BAC9703-45EE-4E9E-A0F0-556F02FCB901}.Debug|x64.ActiveCfg = Debug|Any CPU
		{0BAC9703-45EE-4E9E-A0F0-556F02FCB901}.Debug|x64.Build.0 = Debug|Any CPU
		{0BAC9703-45EE-4E9E-A0F0-556F02FCB901}.Debug|x86.ActiveCfg = Debug|Any CPU
		{0BAC9703-45EE-4E9E-A0F0-556F02FCB901}.Debug|x86.Build.0 = Debug|Any CPU
		{0BAC9703-45EE-4E9E-A0F0-556F02FCB901}.Release|Any CPU.ActiveCfg = Release|Any CPU
		{0BAC9703-45EE-4E9E-A0F0-556F02FCB901}.Release|Any CPU.Build.0 = Release|Any CPU
		{0BAC9703-45EE-4E9E-A0F0-556F02FCB901}.Release|x64.ActiveCfg = Release|Any CPU
		{0BAC9703-45EE-4E9E-A0F0-556F02FCB901}.Release|x64.Build.0 = Release|Any CPU
		{0BAC9703-45EE-4E9E-A0F0-556F02FCB901}.Release|x86.ActiveCfg = Release|Any CPU
		{0BAC9703-45EE-4E9E-A0F0-556F02FCB901}.Release|x86.Build.0 = Release|Any CPU
		{A9F3FE17-EF4C-44B8-B265-7D7DBAA42F84}.Debug|Any CPU.ActiveCfg = Debug|Any CPU
		{A9F3FE17-EF4C-44B8-B265-7D7DBAA42F84}.Debug|Any CPU.Build.0 = Debug|Any CPU
		{A9F3FE17-EF4C-44B8-B265-7D7DBAA42F84}.Debug|x64.ActiveCfg = Debug|Any CPU
		{A9F3FE17-EF4C-44B8-B265-7D7DBAA42F84}.Debug|x64.Build.0 = Debug|Any CPU
		{A9F3FE17-EF4C-44B8-B265-7D7DBAA42F84}.Debug|x86.ActiveCfg = Debug|Any CPU
		{A9F3FE17-EF4C-44B8-B265-7D7DBAA42F84}.Debug|x86.Build.0 = Debug|Any CPU
		{A9F3FE17-EF4C-44B8-B265-7D7DBAA42F84}.Release|Any CPU.ActiveCfg = Release|Any CPU
		{A9F3FE17-EF4C-44B8-B265-7D7DBAA42F84}.Release|Any CPU.Build.0 = Release|Any CPU
		{A9F3FE17-EF4C-44B8-B265-7D7DBAA42F84}.Release|x64.ActiveCfg = Release|Any CPU
		{A9F3FE17-EF4C-44B8-B265-7D7DBAA42F84}.Release|x64.Build.0 = Release|Any CPU
		{A9F3FE17-EF4C-44B8-B265-7D7DBAA42F84}.Release|x86.ActiveCfg = Release|Any CPU
		{A9F3FE17-EF4C-44B8-B265-7D7DBAA42F84}.Release|x86.Build.0 = Release|Any CPU
		{B8FF9EFA-D8DA-43AB-8056-991FFDB609D8}.Debug|Any CPU.ActiveCfg = Debug|Any CPU
		{B8FF9EFA-D8DA-43AB-8056-991FFDB609D8}.Debug|Any CPU.Build.0 = Debug|Any CPU
		{B8FF9EFA-D8DA-43AB-8056-991FFDB609D8}.Debug|x64.ActiveCfg = Debug|Any CPU
		{B8FF9EFA-D8DA-43AB-8056-991FFDB609D8}.Debug|x64.Build.0 = Debug|Any CPU
		{B8FF9EFA-D8DA-43AB-8056-991FFDB609D8}.Debug|x86.ActiveCfg = Debug|Any CPU
		{B8FF9EFA-D8DA-43AB-8056-991FFDB609D8}.Debug|x86.Build.0 = Debug|Any CPU
		{B8FF9EFA-D8DA-43AB-8056-991FFDB609D8}.Release|Any CPU.ActiveCfg = Release|Any CPU
		{B8FF9EFA-D8DA-43AB-8056-991FFDB609D8}.Release|Any CPU.Build.0 = Release|Any CPU
		{B8FF9EFA-D8DA-43AB-8056-991FFDB609D8}.Release|x64.ActiveCfg = Release|Any CPU
		{B8FF9EFA-D8DA-43AB-8056-991FFDB609D8}.Release|x64.Build.0 = Release|Any CPU
		{B8FF9EFA-D8DA-43AB-8056-991FFDB609D8}.Release|x86.ActiveCfg = Release|Any CPU
		{B8FF9EFA-D8DA-43AB-8056-991FFDB609D8}.Release|x86.Build.0 = Release|Any CPU
		{F54C9271-5C28-498D-9081-59EAA22FEC69}.Debug|Any CPU.ActiveCfg = Debug|Any CPU
		{F54C9271-5C28-498D-9081-59EAA22FEC69}.Debug|Any CPU.Build.0 = Debug|Any CPU
		{F54C9271-5C28-498D-9081-59EAA22FEC69}.Debug|x64.ActiveCfg = Debug|Any CPU
		{F54C9271-5C28-498D-9081-59EAA22FEC69}.Debug|x64.Build.0 = Debug|Any CPU
		{F54C9271-5C28-498D-9081-59EAA22FEC69}.Debug|x86.ActiveCfg = Debug|Any CPU
		{F54C9271-5C28-498D-9081-59EAA22FEC69}.Debug|x86.Build.0 = Debug|Any CPU
		{F54C9271-5C28-498D-9081-59EAA22FEC69}.Release|Any CPU.ActiveCfg = Release|Any CPU
		{F54C9271-5C28-498D-9081-59EAA22FEC69}.Release|Any CPU.Build.0 = Release|Any CPU
		{F54C9271-5C28-498D-9081-59EAA22FEC69}.Release|x64.ActiveCfg = Release|Any CPU
		{F54C9271-5C28-498D-9081-59EAA22FEC69}.Release|x64.Build.0 = Release|Any CPU
		{F54C9271-5C28-498D-9081-59EAA22FEC69}.Release|x86.ActiveCfg = Release|Any CPU
		{F54C9271-5C28-498D-9081-59EAA22FEC69}.Release|x86.Build.0 = Release|Any CPU
		{35E7A636-C28A-40FC-99F3-CE6A5F3C49BF}.Debug|Any CPU.ActiveCfg = Debug|Any CPU
		{35E7A636-C28A-40FC-99F3-CE6A5F3C49BF}.Debug|Any CPU.Build.0 = Debug|Any CPU
		{35E7A636-C28A-40FC-99F3-CE6A5F3C49BF}.Debug|x64.ActiveCfg = Debug|Any CPU
		{35E7A636-C28A-40FC-99F3-CE6A5F3C49BF}.Debug|x64.Build.0 = Debug|Any CPU
		{35E7A636-C28A-40FC-99F3-CE6A5F3C49BF}.Debug|x86.ActiveCfg = Debug|Any CPU
		{35E7A636-C28A-40FC-99F3-CE6A5F3C49BF}.Debug|x86.Build.0 = Debug|Any CPU
		{35E7A636-C28A-40FC-99F3-CE6A5F3C49BF}.Release|Any CPU.ActiveCfg = Release|Any CPU
		{35E7A636-C28A-40FC-99F3-CE6A5F3C49BF}.Release|Any CPU.Build.0 = Release|Any CPU
		{35E7A636-C28A-40FC-99F3-CE6A5F3C49BF}.Release|x64.ActiveCfg = Release|Any CPU
		{35E7A636-C28A-40FC-99F3-CE6A5F3C49BF}.Release|x64.Build.0 = Release|Any CPU
		{35E7A636-C28A-40FC-99F3-CE6A5F3C49BF}.Release|x86.ActiveCfg = Release|Any CPU
		{35E7A636-C28A-40FC-99F3-CE6A5F3C49BF}.Release|x86.Build.0 = Release|Any CPU
		{CC36EFCE-CB59-4541-9E1E-2DBE5D1C290E}.Debug|Any CPU.ActiveCfg = Debug|Any CPU
		{CC36EFCE-CB59-4541-9E1E-2DBE5D1C290E}.Debug|Any CPU.Build.0 = Debug|Any CPU
		{CC36EFCE-CB59-4541-9E1E-2DBE5D1C290E}.Debug|x64.ActiveCfg = Debug|Any CPU
		{CC36EFCE-CB59-4541-9E1E-2DBE5D1C290E}.Debug|x64.Build.0 = Debug|Any CPU
		{CC36EFCE-CB59-4541-9E1E-2DBE5D1C290E}.Debug|x86.ActiveCfg = Debug|Any CPU
		{CC36EFCE-CB59-4541-9E1E-2DBE5D1C290E}.Debug|x86.Build.0 = Debug|Any CPU
		{CC36EFCE-CB59-4541-9E1E-2DBE5D1C290E}.Release|Any CPU.ActiveCfg = Release|Any CPU
		{CC36EFCE-CB59-4541-9E1E-2DBE5D1C290E}.Release|Any CPU.Build.0 = Release|Any CPU
		{CC36EFCE-CB59-4541-9E1E-2DBE5D1C290E}.Release|x64.ActiveCfg = Release|Any CPU
		{CC36EFCE-CB59-4541-9E1E-2DBE5D1C290E}.Release|x64.Build.0 = Release|Any CPU
		{CC36EFCE-CB59-4541-9E1E-2DBE5D1C290E}.Release|x86.ActiveCfg = Release|Any CPU
		{CC36EFCE-CB59-4541-9E1E-2DBE5D1C290E}.Release|x86.Build.0 = Release|Any CPU
		{F8BC87F2-8864-49F8-B4C2-75662BEBB045}.Debug|Any CPU.ActiveCfg = Debug|Any CPU
		{F8BC87F2-8864-49F8-B4C2-75662BEBB045}.Debug|Any CPU.Build.0 = Debug|Any CPU
		{F8BC87F2-8864-49F8-B4C2-75662BEBB045}.Debug|x64.ActiveCfg = Debug|Any CPU
		{F8BC87F2-8864-49F8-B4C2-75662BEBB045}.Debug|x64.Build.0 = Debug|Any CPU
		{F8BC87F2-8864-49F8-B4C2-75662BEBB045}.Debug|x86.ActiveCfg = Debug|Any CPU
		{F8BC87F2-8864-49F8-B4C2-75662BEBB045}.Debug|x86.Build.0 = Debug|Any CPU
		{F8BC87F2-8864-49F8-B4C2-75662BEBB045}.Release|Any CPU.ActiveCfg = Release|Any CPU
		{F8BC87F2-8864-49F8-B4C2-75662BEBB045}.Release|Any CPU.Build.0 = Release|Any CPU
		{F8BC87F2-8864-49F8-B4C2-75662BEBB045}.Release|x64.ActiveCfg = Release|Any CPU
		{F8BC87F2-8864-49F8-B4C2-75662BEBB045}.Release|x64.Build.0 = Release|Any CPU
		{F8BC87F2-8864-49F8-B4C2-75662BEBB045}.Release|x86.ActiveCfg = Release|Any CPU
		{F8BC87F2-8864-49F8-B4C2-75662BEBB045}.Release|x86.Build.0 = Release|Any CPU
		{7FB98CAE-0CDB-4EF8-B9BB-6C51D62252CD}.Debug|Any CPU.ActiveCfg = Debug|Any CPU
		{7FB98CAE-0CDB-4EF8-B9BB-6C51D62252CD}.Debug|Any CPU.Build.0 = Debug|Any CPU
		{7FB98CAE-0CDB-4EF8-B9BB-6C51D62252CD}.Debug|x64.ActiveCfg = Debug|Any CPU
		{7FB98CAE-0CDB-4EF8-B9BB-6C51D62252CD}.Debug|x64.Build.0 = Debug|Any CPU
		{7FB98CAE-0CDB-4EF8-B9BB-6C51D62252CD}.Debug|x86.ActiveCfg = Debug|Any CPU
		{7FB98CAE-0CDB-4EF8-B9BB-6C51D62252CD}.Debug|x86.Build.0 = Debug|Any CPU
		{7FB98CAE-0CDB-4EF8-B9BB-6C51D62252CD}.Release|Any CPU.ActiveCfg = Release|Any CPU
		{7FB98CAE-0CDB-4EF8-B9BB-6C51D62252CD}.Release|Any CPU.Build.0 = Release|Any CPU
		{7FB98CAE-0CDB-4EF8-B9BB-6C51D62252CD}.Release|x64.ActiveCfg = Release|Any CPU
		{7FB98CAE-0CDB-4EF8-B9BB-6C51D62252CD}.Release|x64.Build.0 = Release|Any CPU
		{7FB98CAE-0CDB-4EF8-B9BB-6C51D62252CD}.Release|x86.ActiveCfg = Release|Any CPU
		{7FB98CAE-0CDB-4EF8-B9BB-6C51D62252CD}.Release|x86.Build.0 = Release|Any CPU
		{FD387378-9B27-4852-8A77-684C33FDE844}.Debug|Any CPU.ActiveCfg = Debug|Any CPU
		{FD387378-9B27-4852-8A77-684C33FDE844}.Debug|Any CPU.Build.0 = Debug|Any CPU
		{FD387378-9B27-4852-8A77-684C33FDE844}.Debug|x64.ActiveCfg = Debug|Any CPU
		{FD387378-9B27-4852-8A77-684C33FDE844}.Debug|x64.Build.0 = Debug|Any CPU
		{FD387378-9B27-4852-8A77-684C33FDE844}.Debug|x86.ActiveCfg = Debug|Any CPU
		{FD387378-9B27-4852-8A77-684C33FDE844}.Debug|x86.Build.0 = Debug|Any CPU
		{FD387378-9B27-4852-8A77-684C33FDE844}.Release|Any CPU.ActiveCfg = Release|Any CPU
		{FD387378-9B27-4852-8A77-684C33FDE844}.Release|Any CPU.Build.0 = Release|Any CPU
		{FD387378-9B27-4852-8A77-684C33FDE844}.Release|x64.ActiveCfg = Release|Any CPU
		{FD387378-9B27-4852-8A77-684C33FDE844}.Release|x64.Build.0 = Release|Any CPU
		{FD387378-9B27-4852-8A77-684C33FDE844}.Release|x86.ActiveCfg = Release|Any CPU
		{FD387378-9B27-4852-8A77-684C33FDE844}.Release|x86.Build.0 = Release|Any CPU
		{4D04B168-6971-4660-BC22-FA7F18150018}.Debug|Any CPU.ActiveCfg = Debug|Any CPU
		{4D04B168-6971-4660-BC22-FA7F18150018}.Debug|Any CPU.Build.0 = Debug|Any CPU
		{4D04B168-6971-4660-BC22-FA7F18150018}.Debug|x64.ActiveCfg = Debug|Any CPU
		{4D04B168-6971-4660-BC22-FA7F18150018}.Debug|x64.Build.0 = Debug|Any CPU
		{4D04B168-6971-4660-BC22-FA7F18150018}.Debug|x86.ActiveCfg = Debug|Any CPU
		{4D04B168-6971-4660-BC22-FA7F18150018}.Debug|x86.Build.0 = Debug|Any CPU
		{4D04B168-6971-4660-BC22-FA7F18150018}.Release|Any CPU.ActiveCfg = Release|Any CPU
		{4D04B168-6971-4660-BC22-FA7F18150018}.Release|Any CPU.Build.0 = Release|Any CPU
		{4D04B168-6971-4660-BC22-FA7F18150018}.Release|x64.ActiveCfg = Release|Any CPU
		{4D04B168-6971-4660-BC22-FA7F18150018}.Release|x64.Build.0 = Release|Any CPU
		{4D04B168-6971-4660-BC22-FA7F18150018}.Release|x86.ActiveCfg = Release|Any CPU
		{4D04B168-6971-4660-BC22-FA7F18150018}.Release|x86.Build.0 = Release|Any CPU
		{31D54C48-6325-4591-8612-87A917D49028}.Debug|Any CPU.ActiveCfg = Debug|Any CPU
		{31D54C48-6325-4591-8612-87A917D49028}.Debug|Any CPU.Build.0 = Debug|Any CPU
		{31D54C48-6325-4591-8612-87A917D49028}.Debug|x64.ActiveCfg = Debug|Any CPU
		{31D54C48-6325-4591-8612-87A917D49028}.Debug|x64.Build.0 = Debug|Any CPU
		{31D54C48-6325-4591-8612-87A917D49028}.Debug|x86.ActiveCfg = Debug|Any CPU
		{31D54C48-6325-4591-8612-87A917D49028}.Debug|x86.Build.0 = Debug|Any CPU
		{31D54C48-6325-4591-8612-87A917D49028}.Release|Any CPU.ActiveCfg = Release|Any CPU
		{31D54C48-6325-4591-8612-87A917D49028}.Release|Any CPU.Build.0 = Release|Any CPU
		{31D54C48-6325-4591-8612-87A917D49028}.Release|x64.ActiveCfg = Release|Any CPU
		{31D54C48-6325-4591-8612-87A917D49028}.Release|x64.Build.0 = Release|Any CPU
		{31D54C48-6325-4591-8612-87A917D49028}.Release|x86.ActiveCfg = Release|Any CPU
		{31D54C48-6325-4591-8612-87A917D49028}.Release|x86.Build.0 = Release|Any CPU
		{EB612E02-609F-4E34-BC3A-94D3ECB9F123}.Debug|Any CPU.ActiveCfg = Debug|Any CPU
		{EB612E02-609F-4E34-BC3A-94D3ECB9F123}.Debug|Any CPU.Build.0 = Debug|Any CPU
		{EB612E02-609F-4E34-BC3A-94D3ECB9F123}.Debug|x64.ActiveCfg = Debug|Any CPU
		{EB612E02-609F-4E34-BC3A-94D3ECB9F123}.Debug|x64.Build.0 = Debug|Any CPU
		{EB612E02-609F-4E34-BC3A-94D3ECB9F123}.Debug|x86.ActiveCfg = Debug|Any CPU
		{EB612E02-609F-4E34-BC3A-94D3ECB9F123}.Debug|x86.Build.0 = Debug|Any CPU
		{EB612E02-609F-4E34-BC3A-94D3ECB9F123}.Release|Any CPU.ActiveCfg = Release|Any CPU
		{EB612E02-609F-4E34-BC3A-94D3ECB9F123}.Release|Any CPU.Build.0 = Release|Any CPU
		{EB612E02-609F-4E34-BC3A-94D3ECB9F123}.Release|x64.ActiveCfg = Release|Any CPU
		{EB612E02-609F-4E34-BC3A-94D3ECB9F123}.Release|x64.Build.0 = Release|Any CPU
		{EB612E02-609F-4E34-BC3A-94D3ECB9F123}.Release|x86.ActiveCfg = Release|Any CPU
		{EB612E02-609F-4E34-BC3A-94D3ECB9F123}.Release|x86.Build.0 = Release|Any CPU
		{5D23C3FA-FDDE-4DA3-98C9-7E11AB2144AA}.Debug|Any CPU.ActiveCfg = Debug|Any CPU
		{5D23C3FA-FDDE-4DA3-98C9-7E11AB2144AA}.Debug|Any CPU.Build.0 = Debug|Any CPU
		{5D23C3FA-FDDE-4DA3-98C9-7E11AB2144AA}.Debug|x64.ActiveCfg = Debug|Any CPU
		{5D23C3FA-FDDE-4DA3-98C9-7E11AB2144AA}.Debug|x64.Build.0 = Debug|Any CPU
		{5D23C3FA-FDDE-4DA3-98C9-7E11AB2144AA}.Debug|x86.ActiveCfg = Debug|Any CPU
		{5D23C3FA-FDDE-4DA3-98C9-7E11AB2144AA}.Debug|x86.Build.0 = Debug|Any CPU
		{5D23C3FA-FDDE-4DA3-98C9-7E11AB2144AA}.Release|Any CPU.ActiveCfg = Release|Any CPU
		{5D23C3FA-FDDE-4DA3-98C9-7E11AB2144AA}.Release|Any CPU.Build.0 = Release|Any CPU
		{5D23C3FA-FDDE-4DA3-98C9-7E11AB2144AA}.Release|x64.ActiveCfg = Release|Any CPU
		{5D23C3FA-FDDE-4DA3-98C9-7E11AB2144AA}.Release|x64.Build.0 = Release|Any CPU
		{5D23C3FA-FDDE-4DA3-98C9-7E11AB2144AA}.Release|x86.ActiveCfg = Release|Any CPU
		{5D23C3FA-FDDE-4DA3-98C9-7E11AB2144AA}.Release|x86.Build.0 = Release|Any CPU
		{72C0107F-D32A-4EE0-BFC8-97B7C62A1DB9}.Debug|Any CPU.ActiveCfg = Debug|Any CPU
		{72C0107F-D32A-4EE0-BFC8-97B7C62A1DB9}.Debug|Any CPU.Build.0 = Debug|Any CPU
		{72C0107F-D32A-4EE0-BFC8-97B7C62A1DB9}.Debug|x64.ActiveCfg = Debug|Any CPU
		{72C0107F-D32A-4EE0-BFC8-97B7C62A1DB9}.Debug|x64.Build.0 = Debug|Any CPU
		{72C0107F-D32A-4EE0-BFC8-97B7C62A1DB9}.Debug|x86.ActiveCfg = Debug|Any CPU
		{72C0107F-D32A-4EE0-BFC8-97B7C62A1DB9}.Debug|x86.Build.0 = Debug|Any CPU
		{72C0107F-D32A-4EE0-BFC8-97B7C62A1DB9}.Release|Any CPU.ActiveCfg = Release|Any CPU
		{72C0107F-D32A-4EE0-BFC8-97B7C62A1DB9}.Release|Any CPU.Build.0 = Release|Any CPU
		{72C0107F-D32A-4EE0-BFC8-97B7C62A1DB9}.Release|x64.ActiveCfg = Release|Any CPU
		{72C0107F-D32A-4EE0-BFC8-97B7C62A1DB9}.Release|x64.Build.0 = Release|Any CPU
		{72C0107F-D32A-4EE0-BFC8-97B7C62A1DB9}.Release|x86.ActiveCfg = Release|Any CPU
		{72C0107F-D32A-4EE0-BFC8-97B7C62A1DB9}.Release|x86.Build.0 = Release|Any CPU
		{C6BD5E1D-119C-40DE-A596-D26D816CC5E1}.Debug|Any CPU.ActiveCfg = Debug|Any CPU
		{C6BD5E1D-119C-40DE-A596-D26D816CC5E1}.Debug|Any CPU.Build.0 = Debug|Any CPU
		{C6BD5E1D-119C-40DE-A596-D26D816CC5E1}.Debug|x64.ActiveCfg = Debug|Any CPU
		{C6BD5E1D-119C-40DE-A596-D26D816CC5E1}.Debug|x64.Build.0 = Debug|Any CPU
		{C6BD5E1D-119C-40DE-A596-D26D816CC5E1}.Debug|x86.ActiveCfg = Debug|Any CPU
		{C6BD5E1D-119C-40DE-A596-D26D816CC5E1}.Debug|x86.Build.0 = Debug|Any CPU
		{C6BD5E1D-119C-40DE-A596-D26D816CC5E1}.Release|Any CPU.ActiveCfg = Release|Any CPU
		{C6BD5E1D-119C-40DE-A596-D26D816CC5E1}.Release|Any CPU.Build.0 = Release|Any CPU
		{C6BD5E1D-119C-40DE-A596-D26D816CC5E1}.Release|x64.ActiveCfg = Release|Any CPU
		{C6BD5E1D-119C-40DE-A596-D26D816CC5E1}.Release|x64.Build.0 = Release|Any CPU
		{C6BD5E1D-119C-40DE-A596-D26D816CC5E1}.Release|x86.ActiveCfg = Release|Any CPU
		{C6BD5E1D-119C-40DE-A596-D26D816CC5E1}.Release|x86.Build.0 = Release|Any CPU
		{69465F71-DB90-414A-A766-95576CE28A11}.Debug|Any CPU.ActiveCfg = Debug|Any CPU
		{69465F71-DB90-414A-A766-95576CE28A11}.Debug|Any CPU.Build.0 = Debug|Any CPU
		{69465F71-DB90-414A-A766-95576CE28A11}.Debug|x64.ActiveCfg = Debug|Any CPU
		{69465F71-DB90-414A-A766-95576CE28A11}.Debug|x64.Build.0 = Debug|Any CPU
		{69465F71-DB90-414A-A766-95576CE28A11}.Debug|x86.ActiveCfg = Debug|Any CPU
		{69465F71-DB90-414A-A766-95576CE28A11}.Debug|x86.Build.0 = Debug|Any CPU
		{69465F71-DB90-414A-A766-95576CE28A11}.Release|Any CPU.ActiveCfg = Release|Any CPU
		{69465F71-DB90-414A-A766-95576CE28A11}.Release|Any CPU.Build.0 = Release|Any CPU
		{69465F71-DB90-414A-A766-95576CE28A11}.Release|x64.ActiveCfg = Release|Any CPU
		{69465F71-DB90-414A-A766-95576CE28A11}.Release|x64.Build.0 = Release|Any CPU
		{69465F71-DB90-414A-A766-95576CE28A11}.Release|x86.ActiveCfg = Release|Any CPU
		{69465F71-DB90-414A-A766-95576CE28A11}.Release|x86.Build.0 = Release|Any CPU
		{41063348-B221-4848-A989-4A611AF15D71}.Debug|Any CPU.ActiveCfg = Debug|Any CPU
		{41063348-B221-4848-A989-4A611AF15D71}.Debug|Any CPU.Build.0 = Debug|Any CPU
		{41063348-B221-4848-A989-4A611AF15D71}.Debug|x64.ActiveCfg = Debug|Any CPU
		{41063348-B221-4848-A989-4A611AF15D71}.Debug|x64.Build.0 = Debug|Any CPU
		{41063348-B221-4848-A989-4A611AF15D71}.Debug|x86.ActiveCfg = Debug|Any CPU
		{41063348-B221-4848-A989-4A611AF15D71}.Debug|x86.Build.0 = Debug|Any CPU
		{41063348-B221-4848-A989-4A611AF15D71}.Release|Any CPU.ActiveCfg = Release|Any CPU
		{41063348-B221-4848-A989-4A611AF15D71}.Release|Any CPU.Build.0 = Release|Any CPU
		{41063348-B221-4848-A989-4A611AF15D71}.Release|x64.ActiveCfg = Release|Any CPU
		{41063348-B221-4848-A989-4A611AF15D71}.Release|x64.Build.0 = Release|Any CPU
		{41063348-B221-4848-A989-4A611AF15D71}.Release|x86.ActiveCfg = Release|Any CPU
		{41063348-B221-4848-A989-4A611AF15D71}.Release|x86.Build.0 = Release|Any CPU
		{621D8E74-2F2D-4C9F-ABEA-21702920AC0E}.Debug|Any CPU.ActiveCfg = Debug|Any CPU
		{621D8E74-2F2D-4C9F-ABEA-21702920AC0E}.Debug|Any CPU.Build.0 = Debug|Any CPU
		{621D8E74-2F2D-4C9F-ABEA-21702920AC0E}.Debug|x64.ActiveCfg = Debug|Any CPU
		{621D8E74-2F2D-4C9F-ABEA-21702920AC0E}.Debug|x64.Build.0 = Debug|Any CPU
		{621D8E74-2F2D-4C9F-ABEA-21702920AC0E}.Debug|x86.ActiveCfg = Debug|Any CPU
		{621D8E74-2F2D-4C9F-ABEA-21702920AC0E}.Debug|x86.Build.0 = Debug|Any CPU
		{621D8E74-2F2D-4C9F-ABEA-21702920AC0E}.Release|Any CPU.ActiveCfg = Release|Any CPU
		{621D8E74-2F2D-4C9F-ABEA-21702920AC0E}.Release|Any CPU.Build.0 = Release|Any CPU
		{621D8E74-2F2D-4C9F-ABEA-21702920AC0E}.Release|x64.ActiveCfg = Release|Any CPU
		{621D8E74-2F2D-4C9F-ABEA-21702920AC0E}.Release|x64.Build.0 = Release|Any CPU
		{621D8E74-2F2D-4C9F-ABEA-21702920AC0E}.Release|x86.ActiveCfg = Release|Any CPU
		{621D8E74-2F2D-4C9F-ABEA-21702920AC0E}.Release|x86.Build.0 = Release|Any CPU
		{0C480B16-1D15-402A-9AA3-9B0BC47F62C1}.Debug|Any CPU.ActiveCfg = Debug|Any CPU
		{0C480B16-1D15-402A-9AA3-9B0BC47F62C1}.Debug|Any CPU.Build.0 = Debug|Any CPU
		{0C480B16-1D15-402A-9AA3-9B0BC47F62C1}.Debug|x64.ActiveCfg = Debug|Any CPU
		{0C480B16-1D15-402A-9AA3-9B0BC47F62C1}.Debug|x64.Build.0 = Debug|Any CPU
		{0C480B16-1D15-402A-9AA3-9B0BC47F62C1}.Debug|x86.ActiveCfg = Debug|Any CPU
		{0C480B16-1D15-402A-9AA3-9B0BC47F62C1}.Debug|x86.Build.0 = Debug|Any CPU
		{0C480B16-1D15-402A-9AA3-9B0BC47F62C1}.Release|Any CPU.ActiveCfg = Release|Any CPU
		{0C480B16-1D15-402A-9AA3-9B0BC47F62C1}.Release|Any CPU.Build.0 = Release|Any CPU
		{0C480B16-1D15-402A-9AA3-9B0BC47F62C1}.Release|x64.ActiveCfg = Release|Any CPU
		{0C480B16-1D15-402A-9AA3-9B0BC47F62C1}.Release|x64.Build.0 = Release|Any CPU
		{0C480B16-1D15-402A-9AA3-9B0BC47F62C1}.Release|x86.ActiveCfg = Release|Any CPU
		{0C480B16-1D15-402A-9AA3-9B0BC47F62C1}.Release|x86.Build.0 = Release|Any CPU
		{C6D7EE0F-6019-41CC-B08F-E50660019336}.Debug|Any CPU.ActiveCfg = Debug|Any CPU
		{C6D7EE0F-6019-41CC-B08F-E50660019336}.Debug|Any CPU.Build.0 = Debug|Any CPU
		{C6D7EE0F-6019-41CC-B08F-E50660019336}.Debug|x64.ActiveCfg = Debug|Any CPU
		{C6D7EE0F-6019-41CC-B08F-E50660019336}.Debug|x64.Build.0 = Debug|Any CPU
		{C6D7EE0F-6019-41CC-B08F-E50660019336}.Debug|x86.ActiveCfg = Debug|Any CPU
		{C6D7EE0F-6019-41CC-B08F-E50660019336}.Debug|x86.Build.0 = Debug|Any CPU
		{C6D7EE0F-6019-41CC-B08F-E50660019336}.Release|Any CPU.ActiveCfg = Release|Any CPU
		{C6D7EE0F-6019-41CC-B08F-E50660019336}.Release|Any CPU.Build.0 = Release|Any CPU
		{C6D7EE0F-6019-41CC-B08F-E50660019336}.Release|x64.ActiveCfg = Release|Any CPU
		{C6D7EE0F-6019-41CC-B08F-E50660019336}.Release|x64.Build.0 = Release|Any CPU
		{C6D7EE0F-6019-41CC-B08F-E50660019336}.Release|x86.ActiveCfg = Release|Any CPU
		{C6D7EE0F-6019-41CC-B08F-E50660019336}.Release|x86.Build.0 = Release|Any CPU
		{60FA097D-9E0C-4850-A1DD-730416AECEA8}.Debug|Any CPU.ActiveCfg = Debug|Any CPU
		{60FA097D-9E0C-4850-A1DD-730416AECEA8}.Debug|Any CPU.Build.0 = Debug|Any CPU
		{60FA097D-9E0C-4850-A1DD-730416AECEA8}.Debug|x64.ActiveCfg = Debug|Any CPU
		{60FA097D-9E0C-4850-A1DD-730416AECEA8}.Debug|x64.Build.0 = Debug|Any CPU
		{60FA097D-9E0C-4850-A1DD-730416AECEA8}.Debug|x86.ActiveCfg = Debug|Any CPU
		{60FA097D-9E0C-4850-A1DD-730416AECEA8}.Debug|x86.Build.0 = Debug|Any CPU
		{60FA097D-9E0C-4850-A1DD-730416AECEA8}.Release|Any CPU.ActiveCfg = Release|Any CPU
		{60FA097D-9E0C-4850-A1DD-730416AECEA8}.Release|Any CPU.Build.0 = Release|Any CPU
		{60FA097D-9E0C-4850-A1DD-730416AECEA8}.Release|x64.ActiveCfg = Release|Any CPU
		{60FA097D-9E0C-4850-A1DD-730416AECEA8}.Release|x64.Build.0 = Release|Any CPU
		{60FA097D-9E0C-4850-A1DD-730416AECEA8}.Release|x86.ActiveCfg = Release|Any CPU
		{60FA097D-9E0C-4850-A1DD-730416AECEA8}.Release|x86.Build.0 = Release|Any CPU
		{B90E8F25-C9F4-48D9-808C-69FF60A57188}.Debug|Any CPU.ActiveCfg = Debug|Any CPU
		{B90E8F25-C9F4-48D9-808C-69FF60A57188}.Debug|Any CPU.Build.0 = Debug|Any CPU
		{B90E8F25-C9F4-48D9-808C-69FF60A57188}.Debug|x64.ActiveCfg = Debug|Any CPU
		{B90E8F25-C9F4-48D9-808C-69FF60A57188}.Debug|x64.Build.0 = Debug|Any CPU
		{B90E8F25-C9F4-48D9-808C-69FF60A57188}.Debug|x86.ActiveCfg = Debug|Any CPU
		{B90E8F25-C9F4-48D9-808C-69FF60A57188}.Debug|x86.Build.0 = Debug|Any CPU
		{B90E8F25-C9F4-48D9-808C-69FF60A57188}.Release|Any CPU.ActiveCfg = Release|Any CPU
		{B90E8F25-C9F4-48D9-808C-69FF60A57188}.Release|Any CPU.Build.0 = Release|Any CPU
		{B90E8F25-C9F4-48D9-808C-69FF60A57188}.Release|x64.ActiveCfg = Release|Any CPU
		{B90E8F25-C9F4-48D9-808C-69FF60A57188}.Release|x64.Build.0 = Release|Any CPU
		{B90E8F25-C9F4-48D9-808C-69FF60A57188}.Release|x86.ActiveCfg = Release|Any CPU
		{B90E8F25-C9F4-48D9-808C-69FF60A57188}.Release|x86.Build.0 = Release|Any CPU
		{9C089C00-1464-4295-AE40-28DBFEB67C18}.Debug|Any CPU.ActiveCfg = Debug|Any CPU
		{9C089C00-1464-4295-AE40-28DBFEB67C18}.Debug|Any CPU.Build.0 = Debug|Any CPU
		{9C089C00-1464-4295-AE40-28DBFEB67C18}.Debug|x64.ActiveCfg = Debug|Any CPU
		{9C089C00-1464-4295-AE40-28DBFEB67C18}.Debug|x64.Build.0 = Debug|Any CPU
		{9C089C00-1464-4295-AE40-28DBFEB67C18}.Debug|x86.ActiveCfg = Debug|Any CPU
		{9C089C00-1464-4295-AE40-28DBFEB67C18}.Debug|x86.Build.0 = Debug|Any CPU
		{9C089C00-1464-4295-AE40-28DBFEB67C18}.Release|Any CPU.ActiveCfg = Release|Any CPU
		{9C089C00-1464-4295-AE40-28DBFEB67C18}.Release|Any CPU.Build.0 = Release|Any CPU
		{9C089C00-1464-4295-AE40-28DBFEB67C18}.Release|x64.ActiveCfg = Release|Any CPU
		{9C089C00-1464-4295-AE40-28DBFEB67C18}.Release|x64.Build.0 = Release|Any CPU
		{9C089C00-1464-4295-AE40-28DBFEB67C18}.Release|x86.ActiveCfg = Release|Any CPU
		{9C089C00-1464-4295-AE40-28DBFEB67C18}.Release|x86.Build.0 = Release|Any CPU
		{2AFAB8C9-401C-4BF9-A1A1-3A927F706A79}.Debug|Any CPU.ActiveCfg = Debug|Any CPU
		{2AFAB8C9-401C-4BF9-A1A1-3A927F706A79}.Debug|Any CPU.Build.0 = Debug|Any CPU
		{2AFAB8C9-401C-4BF9-A1A1-3A927F706A79}.Debug|x64.ActiveCfg = Debug|Any CPU
		{2AFAB8C9-401C-4BF9-A1A1-3A927F706A79}.Debug|x64.Build.0 = Debug|Any CPU
		{2AFAB8C9-401C-4BF9-A1A1-3A927F706A79}.Debug|x86.ActiveCfg = Debug|Any CPU
		{2AFAB8C9-401C-4BF9-A1A1-3A927F706A79}.Debug|x86.Build.0 = Debug|Any CPU
		{2AFAB8C9-401C-4BF9-A1A1-3A927F706A79}.Release|Any CPU.ActiveCfg = Release|Any CPU
		{2AFAB8C9-401C-4BF9-A1A1-3A927F706A79}.Release|Any CPU.Build.0 = Release|Any CPU
		{2AFAB8C9-401C-4BF9-A1A1-3A927F706A79}.Release|x64.ActiveCfg = Release|Any CPU
		{2AFAB8C9-401C-4BF9-A1A1-3A927F706A79}.Release|x64.Build.0 = Release|Any CPU
		{2AFAB8C9-401C-4BF9-A1A1-3A927F706A79}.Release|x86.ActiveCfg = Release|Any CPU
		{2AFAB8C9-401C-4BF9-A1A1-3A927F706A79}.Release|x86.Build.0 = Release|Any CPU
		{15AFADFA-2EAE-48BE-99B4-002DD4D3A291}.Debug|Any CPU.ActiveCfg = Debug|Any CPU
		{15AFADFA-2EAE-48BE-99B4-002DD4D3A291}.Debug|Any CPU.Build.0 = Debug|Any CPU
		{15AFADFA-2EAE-48BE-99B4-002DD4D3A291}.Debug|x64.ActiveCfg = Debug|Any CPU
		{15AFADFA-2EAE-48BE-99B4-002DD4D3A291}.Debug|x64.Build.0 = Debug|Any CPU
		{15AFADFA-2EAE-48BE-99B4-002DD4D3A291}.Debug|x86.ActiveCfg = Debug|Any CPU
		{15AFADFA-2EAE-48BE-99B4-002DD4D3A291}.Debug|x86.Build.0 = Debug|Any CPU
		{15AFADFA-2EAE-48BE-99B4-002DD4D3A291}.Release|Any CPU.ActiveCfg = Release|Any CPU
		{15AFADFA-2EAE-48BE-99B4-002DD4D3A291}.Release|Any CPU.Build.0 = Release|Any CPU
		{15AFADFA-2EAE-48BE-99B4-002DD4D3A291}.Release|x64.ActiveCfg = Release|Any CPU
		{15AFADFA-2EAE-48BE-99B4-002DD4D3A291}.Release|x64.Build.0 = Release|Any CPU
		{15AFADFA-2EAE-48BE-99B4-002DD4D3A291}.Release|x86.ActiveCfg = Release|Any CPU
		{15AFADFA-2EAE-48BE-99B4-002DD4D3A291}.Release|x86.Build.0 = Release|Any CPU
		{1EF20C6D-B2B9-4E91-9545-5CDCBE6B50E6}.Debug|Any CPU.ActiveCfg = Debug|Any CPU
		{1EF20C6D-B2B9-4E91-9545-5CDCBE6B50E6}.Debug|Any CPU.Build.0 = Debug|Any CPU
		{1EF20C6D-B2B9-4E91-9545-5CDCBE6B50E6}.Debug|x64.ActiveCfg = Debug|Any CPU
		{1EF20C6D-B2B9-4E91-9545-5CDCBE6B50E6}.Debug|x64.Build.0 = Debug|Any CPU
		{1EF20C6D-B2B9-4E91-9545-5CDCBE6B50E6}.Debug|x86.ActiveCfg = Debug|Any CPU
		{1EF20C6D-B2B9-4E91-9545-5CDCBE6B50E6}.Debug|x86.Build.0 = Debug|Any CPU
		{1EF20C6D-B2B9-4E91-9545-5CDCBE6B50E6}.Release|Any CPU.ActiveCfg = Release|Any CPU
		{1EF20C6D-B2B9-4E91-9545-5CDCBE6B50E6}.Release|Any CPU.Build.0 = Release|Any CPU
		{1EF20C6D-B2B9-4E91-9545-5CDCBE6B50E6}.Release|x64.ActiveCfg = Release|Any CPU
		{1EF20C6D-B2B9-4E91-9545-5CDCBE6B50E6}.Release|x64.Build.0 = Release|Any CPU
		{1EF20C6D-B2B9-4E91-9545-5CDCBE6B50E6}.Release|x86.ActiveCfg = Release|Any CPU
		{1EF20C6D-B2B9-4E91-9545-5CDCBE6B50E6}.Release|x86.Build.0 = Release|Any CPU
		{BEC1F40F-9126-4A5B-B1B0-EC1BD6DD4CA6}.Debug|Any CPU.ActiveCfg = Debug|Any CPU
		{BEC1F40F-9126-4A5B-B1B0-EC1BD6DD4CA6}.Debug|Any CPU.Build.0 = Debug|Any CPU
		{BEC1F40F-9126-4A5B-B1B0-EC1BD6DD4CA6}.Debug|x64.ActiveCfg = Debug|Any CPU
		{BEC1F40F-9126-4A5B-B1B0-EC1BD6DD4CA6}.Debug|x64.Build.0 = Debug|Any CPU
		{BEC1F40F-9126-4A5B-B1B0-EC1BD6DD4CA6}.Debug|x86.ActiveCfg = Debug|Any CPU
		{BEC1F40F-9126-4A5B-B1B0-EC1BD6DD4CA6}.Debug|x86.Build.0 = Debug|Any CPU
		{BEC1F40F-9126-4A5B-B1B0-EC1BD6DD4CA6}.Release|Any CPU.ActiveCfg = Release|Any CPU
		{BEC1F40F-9126-4A5B-B1B0-EC1BD6DD4CA6}.Release|Any CPU.Build.0 = Release|Any CPU
		{BEC1F40F-9126-4A5B-B1B0-EC1BD6DD4CA6}.Release|x64.ActiveCfg = Release|Any CPU
		{BEC1F40F-9126-4A5B-B1B0-EC1BD6DD4CA6}.Release|x64.Build.0 = Release|Any CPU
		{BEC1F40F-9126-4A5B-B1B0-EC1BD6DD4CA6}.Release|x86.ActiveCfg = Release|Any CPU
		{BEC1F40F-9126-4A5B-B1B0-EC1BD6DD4CA6}.Release|x86.Build.0 = Release|Any CPU
		{A1DCD9F0-FD53-4653-8C8F-A429BC8676C6}.Debug|Any CPU.ActiveCfg = Debug|Any CPU
		{A1DCD9F0-FD53-4653-8C8F-A429BC8676C6}.Debug|Any CPU.Build.0 = Debug|Any CPU
		{A1DCD9F0-FD53-4653-8C8F-A429BC8676C6}.Debug|x64.ActiveCfg = Debug|Any CPU
		{A1DCD9F0-FD53-4653-8C8F-A429BC8676C6}.Debug|x64.Build.0 = Debug|Any CPU
		{A1DCD9F0-FD53-4653-8C8F-A429BC8676C6}.Debug|x86.ActiveCfg = Debug|Any CPU
		{A1DCD9F0-FD53-4653-8C8F-A429BC8676C6}.Debug|x86.Build.0 = Debug|Any CPU
		{A1DCD9F0-FD53-4653-8C8F-A429BC8676C6}.Release|Any CPU.ActiveCfg = Release|Any CPU
		{A1DCD9F0-FD53-4653-8C8F-A429BC8676C6}.Release|Any CPU.Build.0 = Release|Any CPU
		{A1DCD9F0-FD53-4653-8C8F-A429BC8676C6}.Release|x64.ActiveCfg = Release|Any CPU
		{A1DCD9F0-FD53-4653-8C8F-A429BC8676C6}.Release|x64.Build.0 = Release|Any CPU
		{A1DCD9F0-FD53-4653-8C8F-A429BC8676C6}.Release|x86.ActiveCfg = Release|Any CPU
		{A1DCD9F0-FD53-4653-8C8F-A429BC8676C6}.Release|x86.Build.0 = Release|Any CPU
		{D36EECA6-6DAC-4DC2-A427-64A7F85D3984}.Debug|Any CPU.ActiveCfg = Debug|Any CPU
		{D36EECA6-6DAC-4DC2-A427-64A7F85D3984}.Debug|Any CPU.Build.0 = Debug|Any CPU
		{D36EECA6-6DAC-4DC2-A427-64A7F85D3984}.Debug|x64.ActiveCfg = Debug|Any CPU
		{D36EECA6-6DAC-4DC2-A427-64A7F85D3984}.Debug|x64.Build.0 = Debug|Any CPU
		{D36EECA6-6DAC-4DC2-A427-64A7F85D3984}.Debug|x86.ActiveCfg = Debug|Any CPU
		{D36EECA6-6DAC-4DC2-A427-64A7F85D3984}.Debug|x86.Build.0 = Debug|Any CPU
		{D36EECA6-6DAC-4DC2-A427-64A7F85D3984}.Release|Any CPU.ActiveCfg = Release|Any CPU
		{D36EECA6-6DAC-4DC2-A427-64A7F85D3984}.Release|Any CPU.Build.0 = Release|Any CPU
		{D36EECA6-6DAC-4DC2-A427-64A7F85D3984}.Release|x64.ActiveCfg = Release|Any CPU
		{D36EECA6-6DAC-4DC2-A427-64A7F85D3984}.Release|x64.Build.0 = Release|Any CPU
		{D36EECA6-6DAC-4DC2-A427-64A7F85D3984}.Release|x86.ActiveCfg = Release|Any CPU
		{D36EECA6-6DAC-4DC2-A427-64A7F85D3984}.Release|x86.Build.0 = Release|Any CPU
		{E7D98EB2-0E77-4B07-AC77-ECA9D839152B}.Debug|Any CPU.ActiveCfg = Debug|Any CPU
		{E7D98EB2-0E77-4B07-AC77-ECA9D839152B}.Debug|Any CPU.Build.0 = Debug|Any CPU
		{E7D98EB2-0E77-4B07-AC77-ECA9D839152B}.Debug|x64.ActiveCfg = Debug|Any CPU
		{E7D98EB2-0E77-4B07-AC77-ECA9D839152B}.Debug|x64.Build.0 = Debug|Any CPU
		{E7D98EB2-0E77-4B07-AC77-ECA9D839152B}.Debug|x86.ActiveCfg = Debug|Any CPU
		{E7D98EB2-0E77-4B07-AC77-ECA9D839152B}.Debug|x86.Build.0 = Debug|Any CPU
		{E7D98EB2-0E77-4B07-AC77-ECA9D839152B}.Release|Any CPU.ActiveCfg = Release|Any CPU
		{E7D98EB2-0E77-4B07-AC77-ECA9D839152B}.Release|Any CPU.Build.0 = Release|Any CPU
		{E7D98EB2-0E77-4B07-AC77-ECA9D839152B}.Release|x64.ActiveCfg = Release|Any CPU
		{E7D98EB2-0E77-4B07-AC77-ECA9D839152B}.Release|x64.Build.0 = Release|Any CPU
		{E7D98EB2-0E77-4B07-AC77-ECA9D839152B}.Release|x86.ActiveCfg = Release|Any CPU
		{E7D98EB2-0E77-4B07-AC77-ECA9D839152B}.Release|x86.Build.0 = Release|Any CPU
		{53DEA418-6AFE-4173-8CCA-048264FB4FBC}.Debug|Any CPU.ActiveCfg = Debug|Any CPU
		{53DEA418-6AFE-4173-8CCA-048264FB4FBC}.Debug|Any CPU.Build.0 = Debug|Any CPU
		{53DEA418-6AFE-4173-8CCA-048264FB4FBC}.Debug|x64.ActiveCfg = Debug|Any CPU
		{53DEA418-6AFE-4173-8CCA-048264FB4FBC}.Debug|x64.Build.0 = Debug|Any CPU
		{53DEA418-6AFE-4173-8CCA-048264FB4FBC}.Debug|x86.ActiveCfg = Debug|Any CPU
		{53DEA418-6AFE-4173-8CCA-048264FB4FBC}.Debug|x86.Build.0 = Debug|Any CPU
		{53DEA418-6AFE-4173-8CCA-048264FB4FBC}.Release|Any CPU.ActiveCfg = Release|Any CPU
		{53DEA418-6AFE-4173-8CCA-048264FB4FBC}.Release|Any CPU.Build.0 = Release|Any CPU
		{53DEA418-6AFE-4173-8CCA-048264FB4FBC}.Release|x64.ActiveCfg = Release|Any CPU
		{53DEA418-6AFE-4173-8CCA-048264FB4FBC}.Release|x64.Build.0 = Release|Any CPU
		{53DEA418-6AFE-4173-8CCA-048264FB4FBC}.Release|x86.ActiveCfg = Release|Any CPU
		{53DEA418-6AFE-4173-8CCA-048264FB4FBC}.Release|x86.Build.0 = Release|Any CPU
		{33F3F98A-6B0C-4596-9CB1-09AF1F709D26}.Debug|Any CPU.ActiveCfg = Debug|Any CPU
		{33F3F98A-6B0C-4596-9CB1-09AF1F709D26}.Debug|Any CPU.Build.0 = Debug|Any CPU
		{33F3F98A-6B0C-4596-9CB1-09AF1F709D26}.Debug|x64.ActiveCfg = Debug|Any CPU
		{33F3F98A-6B0C-4596-9CB1-09AF1F709D26}.Debug|x64.Build.0 = Debug|Any CPU
		{33F3F98A-6B0C-4596-9CB1-09AF1F709D26}.Debug|x86.ActiveCfg = Debug|Any CPU
		{33F3F98A-6B0C-4596-9CB1-09AF1F709D26}.Debug|x86.Build.0 = Debug|Any CPU
		{33F3F98A-6B0C-4596-9CB1-09AF1F709D26}.Release|Any CPU.ActiveCfg = Release|Any CPU
		{33F3F98A-6B0C-4596-9CB1-09AF1F709D26}.Release|Any CPU.Build.0 = Release|Any CPU
		{33F3F98A-6B0C-4596-9CB1-09AF1F709D26}.Release|x64.ActiveCfg = Release|Any CPU
		{33F3F98A-6B0C-4596-9CB1-09AF1F709D26}.Release|x64.Build.0 = Release|Any CPU
		{33F3F98A-6B0C-4596-9CB1-09AF1F709D26}.Release|x86.ActiveCfg = Release|Any CPU
		{33F3F98A-6B0C-4596-9CB1-09AF1F709D26}.Release|x86.Build.0 = Release|Any CPU
		{7A29955C-1720-482E-BF27-55FF96B1BE3E}.Debug|Any CPU.ActiveCfg = Debug|Any CPU
		{7A29955C-1720-482E-BF27-55FF96B1BE3E}.Debug|Any CPU.Build.0 = Debug|Any CPU
		{7A29955C-1720-482E-BF27-55FF96B1BE3E}.Debug|x64.ActiveCfg = Debug|Any CPU
		{7A29955C-1720-482E-BF27-55FF96B1BE3E}.Debug|x64.Build.0 = Debug|Any CPU
		{7A29955C-1720-482E-BF27-55FF96B1BE3E}.Debug|x86.ActiveCfg = Debug|Any CPU
		{7A29955C-1720-482E-BF27-55FF96B1BE3E}.Debug|x86.Build.0 = Debug|Any CPU
		{7A29955C-1720-482E-BF27-55FF96B1BE3E}.Release|Any CPU.ActiveCfg = Release|Any CPU
		{7A29955C-1720-482E-BF27-55FF96B1BE3E}.Release|Any CPU.Build.0 = Release|Any CPU
		{7A29955C-1720-482E-BF27-55FF96B1BE3E}.Release|x64.ActiveCfg = Release|Any CPU
		{7A29955C-1720-482E-BF27-55FF96B1BE3E}.Release|x64.Build.0 = Release|Any CPU
		{7A29955C-1720-482E-BF27-55FF96B1BE3E}.Release|x86.ActiveCfg = Release|Any CPU
		{7A29955C-1720-482E-BF27-55FF96B1BE3E}.Release|x86.Build.0 = Release|Any CPU
		{FFEEF4AF-D4E9-4C32-85CE-0B8C6B05EA22}.Debug|Any CPU.ActiveCfg = Debug|Any CPU
		{FFEEF4AF-D4E9-4C32-85CE-0B8C6B05EA22}.Debug|Any CPU.Build.0 = Debug|Any CPU
		{FFEEF4AF-D4E9-4C32-85CE-0B8C6B05EA22}.Debug|x64.ActiveCfg = Debug|Any CPU
		{FFEEF4AF-D4E9-4C32-85CE-0B8C6B05EA22}.Debug|x64.Build.0 = Debug|Any CPU
		{FFEEF4AF-D4E9-4C32-85CE-0B8C6B05EA22}.Debug|x86.ActiveCfg = Debug|Any CPU
		{FFEEF4AF-D4E9-4C32-85CE-0B8C6B05EA22}.Debug|x86.Build.0 = Debug|Any CPU
		{FFEEF4AF-D4E9-4C32-85CE-0B8C6B05EA22}.Release|Any CPU.ActiveCfg = Release|Any CPU
		{FFEEF4AF-D4E9-4C32-85CE-0B8C6B05EA22}.Release|Any CPU.Build.0 = Release|Any CPU
		{FFEEF4AF-D4E9-4C32-85CE-0B8C6B05EA22}.Release|x64.ActiveCfg = Release|Any CPU
		{FFEEF4AF-D4E9-4C32-85CE-0B8C6B05EA22}.Release|x64.Build.0 = Release|Any CPU
		{FFEEF4AF-D4E9-4C32-85CE-0B8C6B05EA22}.Release|x86.ActiveCfg = Release|Any CPU
		{FFEEF4AF-D4E9-4C32-85CE-0B8C6B05EA22}.Release|x86.Build.0 = Release|Any CPU
		{532C396B-2D19-4274-9DA5-7DAD3AF7CC0A}.Debug|Any CPU.ActiveCfg = Debug|Any CPU
		{532C396B-2D19-4274-9DA5-7DAD3AF7CC0A}.Debug|Any CPU.Build.0 = Debug|Any CPU
		{532C396B-2D19-4274-9DA5-7DAD3AF7CC0A}.Debug|x64.ActiveCfg = Debug|Any CPU
		{532C396B-2D19-4274-9DA5-7DAD3AF7CC0A}.Debug|x64.Build.0 = Debug|Any CPU
		{532C396B-2D19-4274-9DA5-7DAD3AF7CC0A}.Debug|x86.ActiveCfg = Debug|Any CPU
		{532C396B-2D19-4274-9DA5-7DAD3AF7CC0A}.Debug|x86.Build.0 = Debug|Any CPU
		{532C396B-2D19-4274-9DA5-7DAD3AF7CC0A}.Release|Any CPU.ActiveCfg = Release|Any CPU
		{532C396B-2D19-4274-9DA5-7DAD3AF7CC0A}.Release|Any CPU.Build.0 = Release|Any CPU
		{532C396B-2D19-4274-9DA5-7DAD3AF7CC0A}.Release|x64.ActiveCfg = Release|Any CPU
		{532C396B-2D19-4274-9DA5-7DAD3AF7CC0A}.Release|x64.Build.0 = Release|Any CPU
		{532C396B-2D19-4274-9DA5-7DAD3AF7CC0A}.Release|x86.ActiveCfg = Release|Any CPU
		{532C396B-2D19-4274-9DA5-7DAD3AF7CC0A}.Release|x86.Build.0 = Release|Any CPU
		{E89AA3F6-73B1-46C9-BB09-57421848B0AE}.Debug|Any CPU.ActiveCfg = Debug|Any CPU
		{E89AA3F6-73B1-46C9-BB09-57421848B0AE}.Debug|Any CPU.Build.0 = Debug|Any CPU
		{E89AA3F6-73B1-46C9-BB09-57421848B0AE}.Debug|x64.ActiveCfg = Debug|Any CPU
		{E89AA3F6-73B1-46C9-BB09-57421848B0AE}.Debug|x64.Build.0 = Debug|Any CPU
		{E89AA3F6-73B1-46C9-BB09-57421848B0AE}.Debug|x86.ActiveCfg = Debug|Any CPU
		{E89AA3F6-73B1-46C9-BB09-57421848B0AE}.Debug|x86.Build.0 = Debug|Any CPU
		{E89AA3F6-73B1-46C9-BB09-57421848B0AE}.Release|Any CPU.ActiveCfg = Release|Any CPU
		{E89AA3F6-73B1-46C9-BB09-57421848B0AE}.Release|Any CPU.Build.0 = Release|Any CPU
		{E89AA3F6-73B1-46C9-BB09-57421848B0AE}.Release|x64.ActiveCfg = Release|Any CPU
		{E89AA3F6-73B1-46C9-BB09-57421848B0AE}.Release|x64.Build.0 = Release|Any CPU
		{E89AA3F6-73B1-46C9-BB09-57421848B0AE}.Release|x86.ActiveCfg = Release|Any CPU
		{E89AA3F6-73B1-46C9-BB09-57421848B0AE}.Release|x86.Build.0 = Release|Any CPU
		{290FBE62-94BA-4EAD-BF89-4260118E9B33}.Debug|Any CPU.ActiveCfg = Debug|Any CPU
		{290FBE62-94BA-4EAD-BF89-4260118E9B33}.Debug|Any CPU.Build.0 = Debug|Any CPU
		{290FBE62-94BA-4EAD-BF89-4260118E9B33}.Debug|x64.ActiveCfg = Debug|Any CPU
		{290FBE62-94BA-4EAD-BF89-4260118E9B33}.Debug|x64.Build.0 = Debug|Any CPU
		{290FBE62-94BA-4EAD-BF89-4260118E9B33}.Debug|x86.ActiveCfg = Debug|Any CPU
		{290FBE62-94BA-4EAD-BF89-4260118E9B33}.Debug|x86.Build.0 = Debug|Any CPU
		{290FBE62-94BA-4EAD-BF89-4260118E9B33}.Release|Any CPU.ActiveCfg = Release|Any CPU
		{290FBE62-94BA-4EAD-BF89-4260118E9B33}.Release|Any CPU.Build.0 = Release|Any CPU
		{290FBE62-94BA-4EAD-BF89-4260118E9B33}.Release|x64.ActiveCfg = Release|Any CPU
		{290FBE62-94BA-4EAD-BF89-4260118E9B33}.Release|x64.Build.0 = Release|Any CPU
		{290FBE62-94BA-4EAD-BF89-4260118E9B33}.Release|x86.ActiveCfg = Release|Any CPU
		{290FBE62-94BA-4EAD-BF89-4260118E9B33}.Release|x86.Build.0 = Release|Any CPU
		{F1035DEB-9A8B-47C5-8381-D75EEC817932}.Debug|Any CPU.ActiveCfg = Debug|Any CPU
		{F1035DEB-9A8B-47C5-8381-D75EEC817932}.Debug|Any CPU.Build.0 = Debug|Any CPU
		{F1035DEB-9A8B-47C5-8381-D75EEC817932}.Debug|x64.ActiveCfg = Debug|Any CPU
		{F1035DEB-9A8B-47C5-8381-D75EEC817932}.Debug|x64.Build.0 = Debug|Any CPU
		{F1035DEB-9A8B-47C5-8381-D75EEC817932}.Debug|x86.ActiveCfg = Debug|Any CPU
		{F1035DEB-9A8B-47C5-8381-D75EEC817932}.Debug|x86.Build.0 = Debug|Any CPU
		{F1035DEB-9A8B-47C5-8381-D75EEC817932}.Release|Any CPU.ActiveCfg = Release|Any CPU
		{F1035DEB-9A8B-47C5-8381-D75EEC817932}.Release|Any CPU.Build.0 = Release|Any CPU
		{F1035DEB-9A8B-47C5-8381-D75EEC817932}.Release|x64.ActiveCfg = Release|Any CPU
		{F1035DEB-9A8B-47C5-8381-D75EEC817932}.Release|x64.Build.0 = Release|Any CPU
		{F1035DEB-9A8B-47C5-8381-D75EEC817932}.Release|x86.ActiveCfg = Release|Any CPU
		{F1035DEB-9A8B-47C5-8381-D75EEC817932}.Release|x86.Build.0 = Release|Any CPU
		{280158A8-A745-43F8-89DF-EA83EE0CB0CA}.Debug|Any CPU.ActiveCfg = Debug|Any CPU
		{280158A8-A745-43F8-89DF-EA83EE0CB0CA}.Debug|Any CPU.Build.0 = Debug|Any CPU
		{280158A8-A745-43F8-89DF-EA83EE0CB0CA}.Debug|x64.ActiveCfg = Debug|Any CPU
		{280158A8-A745-43F8-89DF-EA83EE0CB0CA}.Debug|x64.Build.0 = Debug|Any CPU
		{280158A8-A745-43F8-89DF-EA83EE0CB0CA}.Debug|x86.ActiveCfg = Debug|Any CPU
		{280158A8-A745-43F8-89DF-EA83EE0CB0CA}.Debug|x86.Build.0 = Debug|Any CPU
		{280158A8-A745-43F8-89DF-EA83EE0CB0CA}.Release|Any CPU.ActiveCfg = Release|Any CPU
		{280158A8-A745-43F8-89DF-EA83EE0CB0CA}.Release|Any CPU.Build.0 = Release|Any CPU
		{280158A8-A745-43F8-89DF-EA83EE0CB0CA}.Release|x64.ActiveCfg = Release|Any CPU
		{280158A8-A745-43F8-89DF-EA83EE0CB0CA}.Release|x64.Build.0 = Release|Any CPU
		{280158A8-A745-43F8-89DF-EA83EE0CB0CA}.Release|x86.ActiveCfg = Release|Any CPU
		{280158A8-A745-43F8-89DF-EA83EE0CB0CA}.Release|x86.Build.0 = Release|Any CPU
		{D70B2212-ABB6-4483-99E1-3E6E35664079}.Debug|Any CPU.ActiveCfg = Debug|Any CPU
		{D70B2212-ABB6-4483-99E1-3E6E35664079}.Debug|Any CPU.Build.0 = Debug|Any CPU
		{D70B2212-ABB6-4483-99E1-3E6E35664079}.Debug|x64.ActiveCfg = Debug|Any CPU
		{D70B2212-ABB6-4483-99E1-3E6E35664079}.Debug|x64.Build.0 = Debug|Any CPU
		{D70B2212-ABB6-4483-99E1-3E6E35664079}.Debug|x86.ActiveCfg = Debug|Any CPU
		{D70B2212-ABB6-4483-99E1-3E6E35664079}.Debug|x86.Build.0 = Debug|Any CPU
		{D70B2212-ABB6-4483-99E1-3E6E35664079}.Release|Any CPU.ActiveCfg = Release|Any CPU
		{D70B2212-ABB6-4483-99E1-3E6E35664079}.Release|Any CPU.Build.0 = Release|Any CPU
		{D70B2212-ABB6-4483-99E1-3E6E35664079}.Release|x64.ActiveCfg = Release|Any CPU
		{D70B2212-ABB6-4483-99E1-3E6E35664079}.Release|x64.Build.0 = Release|Any CPU
		{D70B2212-ABB6-4483-99E1-3E6E35664079}.Release|x86.ActiveCfg = Release|Any CPU
		{D70B2212-ABB6-4483-99E1-3E6E35664079}.Release|x86.Build.0 = Release|Any CPU
		{4D070E29-B248-4F25-8F0B-E89A51A35C41}.Debug|Any CPU.ActiveCfg = Debug|Any CPU
		{4D070E29-B248-4F25-8F0B-E89A51A35C41}.Debug|Any CPU.Build.0 = Debug|Any CPU
		{4D070E29-B248-4F25-8F0B-E89A51A35C41}.Debug|x64.ActiveCfg = Debug|Any CPU
		{4D070E29-B248-4F25-8F0B-E89A51A35C41}.Debug|x64.Build.0 = Debug|Any CPU
		{4D070E29-B248-4F25-8F0B-E89A51A35C41}.Debug|x86.ActiveCfg = Debug|Any CPU
		{4D070E29-B248-4F25-8F0B-E89A51A35C41}.Debug|x86.Build.0 = Debug|Any CPU
		{4D070E29-B248-4F25-8F0B-E89A51A35C41}.Release|Any CPU.ActiveCfg = Release|Any CPU
		{4D070E29-B248-4F25-8F0B-E89A51A35C41}.Release|Any CPU.Build.0 = Release|Any CPU
		{4D070E29-B248-4F25-8F0B-E89A51A35C41}.Release|x64.ActiveCfg = Release|Any CPU
		{4D070E29-B248-4F25-8F0B-E89A51A35C41}.Release|x64.Build.0 = Release|Any CPU
		{4D070E29-B248-4F25-8F0B-E89A51A35C41}.Release|x86.ActiveCfg = Release|Any CPU
		{4D070E29-B248-4F25-8F0B-E89A51A35C41}.Release|x86.Build.0 = Release|Any CPU
		{7489ACDB-DC78-45AB-9233-56E93836256B}.Debug|Any CPU.ActiveCfg = Debug|Any CPU
		{7489ACDB-DC78-45AB-9233-56E93836256B}.Debug|Any CPU.Build.0 = Debug|Any CPU
		{7489ACDB-DC78-45AB-9233-56E93836256B}.Debug|x64.ActiveCfg = Debug|Any CPU
		{7489ACDB-DC78-45AB-9233-56E93836256B}.Debug|x64.Build.0 = Debug|Any CPU
		{7489ACDB-DC78-45AB-9233-56E93836256B}.Debug|x86.ActiveCfg = Debug|Any CPU
		{7489ACDB-DC78-45AB-9233-56E93836256B}.Debug|x86.Build.0 = Debug|Any CPU
		{7489ACDB-DC78-45AB-9233-56E93836256B}.Release|Any CPU.ActiveCfg = Release|Any CPU
		{7489ACDB-DC78-45AB-9233-56E93836256B}.Release|Any CPU.Build.0 = Release|Any CPU
		{7489ACDB-DC78-45AB-9233-56E93836256B}.Release|x64.ActiveCfg = Release|Any CPU
		{7489ACDB-DC78-45AB-9233-56E93836256B}.Release|x64.Build.0 = Release|Any CPU
		{7489ACDB-DC78-45AB-9233-56E93836256B}.Release|x86.ActiveCfg = Release|Any CPU
		{7489ACDB-DC78-45AB-9233-56E93836256B}.Release|x86.Build.0 = Release|Any CPU
		{8426B520-C324-47A3-BD60-221D1291F023}.Debug|Any CPU.ActiveCfg = Debug|Any CPU
		{8426B520-C324-47A3-BD60-221D1291F023}.Debug|Any CPU.Build.0 = Debug|Any CPU
		{8426B520-C324-47A3-BD60-221D1291F023}.Debug|x64.ActiveCfg = Debug|Any CPU
		{8426B520-C324-47A3-BD60-221D1291F023}.Debug|x64.Build.0 = Debug|Any CPU
		{8426B520-C324-47A3-BD60-221D1291F023}.Debug|x86.ActiveCfg = Debug|Any CPU
		{8426B520-C324-47A3-BD60-221D1291F023}.Debug|x86.Build.0 = Debug|Any CPU
		{8426B520-C324-47A3-BD60-221D1291F023}.Release|Any CPU.ActiveCfg = Release|Any CPU
		{8426B520-C324-47A3-BD60-221D1291F023}.Release|Any CPU.Build.0 = Release|Any CPU
		{8426B520-C324-47A3-BD60-221D1291F023}.Release|x64.ActiveCfg = Release|Any CPU
		{8426B520-C324-47A3-BD60-221D1291F023}.Release|x64.Build.0 = Release|Any CPU
		{8426B520-C324-47A3-BD60-221D1291F023}.Release|x86.ActiveCfg = Release|Any CPU
		{8426B520-C324-47A3-BD60-221D1291F023}.Release|x86.Build.0 = Release|Any CPU
		{6085E3B2-0537-4E8B-B482-54D80BCBEE61}.Debug|Any CPU.ActiveCfg = Debug|Any CPU
		{6085E3B2-0537-4E8B-B482-54D80BCBEE61}.Debug|Any CPU.Build.0 = Debug|Any CPU
		{6085E3B2-0537-4E8B-B482-54D80BCBEE61}.Debug|x64.ActiveCfg = Debug|Any CPU
		{6085E3B2-0537-4E8B-B482-54D80BCBEE61}.Debug|x64.Build.0 = Debug|Any CPU
		{6085E3B2-0537-4E8B-B482-54D80BCBEE61}.Debug|x86.ActiveCfg = Debug|Any CPU
		{6085E3B2-0537-4E8B-B482-54D80BCBEE61}.Debug|x86.Build.0 = Debug|Any CPU
		{6085E3B2-0537-4E8B-B482-54D80BCBEE61}.Release|Any CPU.ActiveCfg = Release|Any CPU
		{6085E3B2-0537-4E8B-B482-54D80BCBEE61}.Release|Any CPU.Build.0 = Release|Any CPU
		{6085E3B2-0537-4E8B-B482-54D80BCBEE61}.Release|x64.ActiveCfg = Release|Any CPU
		{6085E3B2-0537-4E8B-B482-54D80BCBEE61}.Release|x64.Build.0 = Release|Any CPU
		{6085E3B2-0537-4E8B-B482-54D80BCBEE61}.Release|x86.ActiveCfg = Release|Any CPU
		{6085E3B2-0537-4E8B-B482-54D80BCBEE61}.Release|x86.Build.0 = Release|Any CPU
		{F296CCC8-3148-4F61-A5C6-F63C52544CF1}.Debug|Any CPU.ActiveCfg = Debug|Any CPU
		{F296CCC8-3148-4F61-A5C6-F63C52544CF1}.Debug|Any CPU.Build.0 = Debug|Any CPU
		{F296CCC8-3148-4F61-A5C6-F63C52544CF1}.Debug|x64.ActiveCfg = Debug|Any CPU
		{F296CCC8-3148-4F61-A5C6-F63C52544CF1}.Debug|x64.Build.0 = Debug|Any CPU
		{F296CCC8-3148-4F61-A5C6-F63C52544CF1}.Debug|x86.ActiveCfg = Debug|Any CPU
		{F296CCC8-3148-4F61-A5C6-F63C52544CF1}.Debug|x86.Build.0 = Debug|Any CPU
		{F296CCC8-3148-4F61-A5C6-F63C52544CF1}.Release|Any CPU.ActiveCfg = Release|Any CPU
		{F296CCC8-3148-4F61-A5C6-F63C52544CF1}.Release|Any CPU.Build.0 = Release|Any CPU
		{F296CCC8-3148-4F61-A5C6-F63C52544CF1}.Release|x64.ActiveCfg = Release|Any CPU
		{F296CCC8-3148-4F61-A5C6-F63C52544CF1}.Release|x64.Build.0 = Release|Any CPU
		{F296CCC8-3148-4F61-A5C6-F63C52544CF1}.Release|x86.ActiveCfg = Release|Any CPU
		{F296CCC8-3148-4F61-A5C6-F63C52544CF1}.Release|x86.Build.0 = Release|Any CPU
		{AB19FDEF-4675-46BD-9885-70232EBA93F0}.Debug|Any CPU.ActiveCfg = Debug|Any CPU
		{AB19FDEF-4675-46BD-9885-70232EBA93F0}.Debug|Any CPU.Build.0 = Debug|Any CPU
		{AB19FDEF-4675-46BD-9885-70232EBA93F0}.Debug|x64.ActiveCfg = Debug|Any CPU
		{AB19FDEF-4675-46BD-9885-70232EBA93F0}.Debug|x64.Build.0 = Debug|Any CPU
		{AB19FDEF-4675-46BD-9885-70232EBA93F0}.Debug|x86.ActiveCfg = Debug|Any CPU
		{AB19FDEF-4675-46BD-9885-70232EBA93F0}.Debug|x86.Build.0 = Debug|Any CPU
		{AB19FDEF-4675-46BD-9885-70232EBA93F0}.Release|Any CPU.ActiveCfg = Release|Any CPU
		{AB19FDEF-4675-46BD-9885-70232EBA93F0}.Release|Any CPU.Build.0 = Release|Any CPU
		{AB19FDEF-4675-46BD-9885-70232EBA93F0}.Release|x64.ActiveCfg = Release|Any CPU
		{AB19FDEF-4675-46BD-9885-70232EBA93F0}.Release|x64.Build.0 = Release|Any CPU
		{AB19FDEF-4675-46BD-9885-70232EBA93F0}.Release|x86.ActiveCfg = Release|Any CPU
		{AB19FDEF-4675-46BD-9885-70232EBA93F0}.Release|x86.Build.0 = Release|Any CPU
		{0BECA961-842B-46BD-9E7D-705C3D6630A0}.Debug|Any CPU.ActiveCfg = Debug|Any CPU
		{0BECA961-842B-46BD-9E7D-705C3D6630A0}.Debug|Any CPU.Build.0 = Debug|Any CPU
		{0BECA961-842B-46BD-9E7D-705C3D6630A0}.Debug|x64.ActiveCfg = Debug|Any CPU
		{0BECA961-842B-46BD-9E7D-705C3D6630A0}.Debug|x64.Build.0 = Debug|Any CPU
		{0BECA961-842B-46BD-9E7D-705C3D6630A0}.Debug|x86.ActiveCfg = Debug|Any CPU
		{0BECA961-842B-46BD-9E7D-705C3D6630A0}.Debug|x86.Build.0 = Debug|Any CPU
		{0BECA961-842B-46BD-9E7D-705C3D6630A0}.Release|Any CPU.ActiveCfg = Release|Any CPU
		{0BECA961-842B-46BD-9E7D-705C3D6630A0}.Release|Any CPU.Build.0 = Release|Any CPU
		{0BECA961-842B-46BD-9E7D-705C3D6630A0}.Release|x64.ActiveCfg = Release|Any CPU
		{0BECA961-842B-46BD-9E7D-705C3D6630A0}.Release|x64.Build.0 = Release|Any CPU
		{0BECA961-842B-46BD-9E7D-705C3D6630A0}.Release|x86.ActiveCfg = Release|Any CPU
		{0BECA961-842B-46BD-9E7D-705C3D6630A0}.Release|x86.Build.0 = Release|Any CPU
		{8529D86F-BC77-4A4E-A804-6083A6D8E766}.Debug|Any CPU.ActiveCfg = Debug|Any CPU
		{8529D86F-BC77-4A4E-A804-6083A6D8E766}.Debug|Any CPU.Build.0 = Debug|Any CPU
		{8529D86F-BC77-4A4E-A804-6083A6D8E766}.Debug|x64.ActiveCfg = Debug|Any CPU
		{8529D86F-BC77-4A4E-A804-6083A6D8E766}.Debug|x64.Build.0 = Debug|Any CPU
		{8529D86F-BC77-4A4E-A804-6083A6D8E766}.Debug|x86.ActiveCfg = Debug|Any CPU
		{8529D86F-BC77-4A4E-A804-6083A6D8E766}.Debug|x86.Build.0 = Debug|Any CPU
		{8529D86F-BC77-4A4E-A804-6083A6D8E766}.Release|Any CPU.ActiveCfg = Release|Any CPU
		{8529D86F-BC77-4A4E-A804-6083A6D8E766}.Release|Any CPU.Build.0 = Release|Any CPU
		{8529D86F-BC77-4A4E-A804-6083A6D8E766}.Release|x64.ActiveCfg = Release|Any CPU
		{8529D86F-BC77-4A4E-A804-6083A6D8E766}.Release|x64.Build.0 = Release|Any CPU
		{8529D86F-BC77-4A4E-A804-6083A6D8E766}.Release|x86.ActiveCfg = Release|Any CPU
		{8529D86F-BC77-4A4E-A804-6083A6D8E766}.Release|x86.Build.0 = Release|Any CPU
		{0AFEFFBC-6EC8-45EC-AA49-066F381F0CAA}.Debug|Any CPU.ActiveCfg = Debug|Any CPU
		{0AFEFFBC-6EC8-45EC-AA49-066F381F0CAA}.Debug|Any CPU.Build.0 = Debug|Any CPU
		{0AFEFFBC-6EC8-45EC-AA49-066F381F0CAA}.Debug|x64.ActiveCfg = Debug|Any CPU
		{0AFEFFBC-6EC8-45EC-AA49-066F381F0CAA}.Debug|x64.Build.0 = Debug|Any CPU
		{0AFEFFBC-6EC8-45EC-AA49-066F381F0CAA}.Debug|x86.ActiveCfg = Debug|Any CPU
		{0AFEFFBC-6EC8-45EC-AA49-066F381F0CAA}.Debug|x86.Build.0 = Debug|Any CPU
		{0AFEFFBC-6EC8-45EC-AA49-066F381F0CAA}.Release|Any CPU.ActiveCfg = Release|Any CPU
		{0AFEFFBC-6EC8-45EC-AA49-066F381F0CAA}.Release|Any CPU.Build.0 = Release|Any CPU
		{0AFEFFBC-6EC8-45EC-AA49-066F381F0CAA}.Release|x64.ActiveCfg = Release|Any CPU
		{0AFEFFBC-6EC8-45EC-AA49-066F381F0CAA}.Release|x64.Build.0 = Release|Any CPU
		{0AFEFFBC-6EC8-45EC-AA49-066F381F0CAA}.Release|x86.ActiveCfg = Release|Any CPU
		{0AFEFFBC-6EC8-45EC-AA49-066F381F0CAA}.Release|x86.Build.0 = Release|Any CPU
		{65B93D37-BF20-4F73-B907-6D21843429DD}.Debug|Any CPU.ActiveCfg = Debug|Any CPU
		{65B93D37-BF20-4F73-B907-6D21843429DD}.Debug|Any CPU.Build.0 = Debug|Any CPU
		{65B93D37-BF20-4F73-B907-6D21843429DD}.Debug|x64.ActiveCfg = Debug|Any CPU
		{65B93D37-BF20-4F73-B907-6D21843429DD}.Debug|x64.Build.0 = Debug|Any CPU
		{65B93D37-BF20-4F73-B907-6D21843429DD}.Debug|x86.ActiveCfg = Debug|Any CPU
		{65B93D37-BF20-4F73-B907-6D21843429DD}.Debug|x86.Build.0 = Debug|Any CPU
		{65B93D37-BF20-4F73-B907-6D21843429DD}.Release|Any CPU.ActiveCfg = Release|Any CPU
		{65B93D37-BF20-4F73-B907-6D21843429DD}.Release|Any CPU.Build.0 = Release|Any CPU
		{65B93D37-BF20-4F73-B907-6D21843429DD}.Release|x64.ActiveCfg = Release|Any CPU
		{65B93D37-BF20-4F73-B907-6D21843429DD}.Release|x64.Build.0 = Release|Any CPU
		{65B93D37-BF20-4F73-B907-6D21843429DD}.Release|x86.ActiveCfg = Release|Any CPU
		{65B93D37-BF20-4F73-B907-6D21843429DD}.Release|x86.Build.0 = Release|Any CPU
		{293B0019-AFF3-4F66-9232-9E82F3EDB060}.Debug|Any CPU.ActiveCfg = Debug|Any CPU
		{293B0019-AFF3-4F66-9232-9E82F3EDB060}.Debug|Any CPU.Build.0 = Debug|Any CPU
		{293B0019-AFF3-4F66-9232-9E82F3EDB060}.Debug|x64.ActiveCfg = Debug|Any CPU
		{293B0019-AFF3-4F66-9232-9E82F3EDB060}.Debug|x64.Build.0 = Debug|Any CPU
		{293B0019-AFF3-4F66-9232-9E82F3EDB060}.Debug|x86.ActiveCfg = Debug|Any CPU
		{293B0019-AFF3-4F66-9232-9E82F3EDB060}.Debug|x86.Build.0 = Debug|Any CPU
		{293B0019-AFF3-4F66-9232-9E82F3EDB060}.Release|Any CPU.ActiveCfg = Release|Any CPU
		{293B0019-AFF3-4F66-9232-9E82F3EDB060}.Release|Any CPU.Build.0 = Release|Any CPU
		{293B0019-AFF3-4F66-9232-9E82F3EDB060}.Release|x64.ActiveCfg = Release|Any CPU
		{293B0019-AFF3-4F66-9232-9E82F3EDB060}.Release|x64.Build.0 = Release|Any CPU
		{293B0019-AFF3-4F66-9232-9E82F3EDB060}.Release|x86.ActiveCfg = Release|Any CPU
		{293B0019-AFF3-4F66-9232-9E82F3EDB060}.Release|x86.Build.0 = Release|Any CPU
		{84969F1E-1C0F-4C06-97BF-F29AECACBCA7}.Debug|Any CPU.ActiveCfg = Debug|Any CPU
		{84969F1E-1C0F-4C06-97BF-F29AECACBCA7}.Debug|Any CPU.Build.0 = Debug|Any CPU
		{84969F1E-1C0F-4C06-97BF-F29AECACBCA7}.Debug|x64.ActiveCfg = Debug|Any CPU
		{84969F1E-1C0F-4C06-97BF-F29AECACBCA7}.Debug|x64.Build.0 = Debug|Any CPU
		{84969F1E-1C0F-4C06-97BF-F29AECACBCA7}.Debug|x86.ActiveCfg = Debug|Any CPU
		{84969F1E-1C0F-4C06-97BF-F29AECACBCA7}.Debug|x86.Build.0 = Debug|Any CPU
		{84969F1E-1C0F-4C06-97BF-F29AECACBCA7}.Release|Any CPU.ActiveCfg = Release|Any CPU
		{84969F1E-1C0F-4C06-97BF-F29AECACBCA7}.Release|Any CPU.Build.0 = Release|Any CPU
		{84969F1E-1C0F-4C06-97BF-F29AECACBCA7}.Release|x64.ActiveCfg = Release|Any CPU
		{84969F1E-1C0F-4C06-97BF-F29AECACBCA7}.Release|x64.Build.0 = Release|Any CPU
		{84969F1E-1C0F-4C06-97BF-F29AECACBCA7}.Release|x86.ActiveCfg = Release|Any CPU
		{84969F1E-1C0F-4C06-97BF-F29AECACBCA7}.Release|x86.Build.0 = Release|Any CPU
		{8C35E198-B11C-4720-B391-B5BDF50834B9}.Debug|Any CPU.ActiveCfg = Debug|Any CPU
		{8C35E198-B11C-4720-B391-B5BDF50834B9}.Debug|Any CPU.Build.0 = Debug|Any CPU
		{8C35E198-B11C-4720-B391-B5BDF50834B9}.Debug|x64.ActiveCfg = Debug|Any CPU
		{8C35E198-B11C-4720-B391-B5BDF50834B9}.Debug|x64.Build.0 = Debug|Any CPU
		{8C35E198-B11C-4720-B391-B5BDF50834B9}.Debug|x86.ActiveCfg = Debug|Any CPU
		{8C35E198-B11C-4720-B391-B5BDF50834B9}.Debug|x86.Build.0 = Debug|Any CPU
		{8C35E198-B11C-4720-B391-B5BDF50834B9}.Release|Any CPU.ActiveCfg = Release|Any CPU
		{8C35E198-B11C-4720-B391-B5BDF50834B9}.Release|Any CPU.Build.0 = Release|Any CPU
		{8C35E198-B11C-4720-B391-B5BDF50834B9}.Release|x64.ActiveCfg = Release|Any CPU
		{8C35E198-B11C-4720-B391-B5BDF50834B9}.Release|x64.Build.0 = Release|Any CPU
		{8C35E198-B11C-4720-B391-B5BDF50834B9}.Release|x86.ActiveCfg = Release|Any CPU
		{8C35E198-B11C-4720-B391-B5BDF50834B9}.Release|x86.Build.0 = Release|Any CPU
		{E6DC03FB-7F9C-42A7-80B9-0D743BCD0D9F}.Debug|Any CPU.ActiveCfg = Debug|Any CPU
		{E6DC03FB-7F9C-42A7-80B9-0D743BCD0D9F}.Debug|Any CPU.Build.0 = Debug|Any CPU
		{E6DC03FB-7F9C-42A7-80B9-0D743BCD0D9F}.Debug|x64.ActiveCfg = Debug|Any CPU
		{E6DC03FB-7F9C-42A7-80B9-0D743BCD0D9F}.Debug|x64.Build.0 = Debug|Any CPU
		{E6DC03FB-7F9C-42A7-80B9-0D743BCD0D9F}.Debug|x86.ActiveCfg = Debug|Any CPU
		{E6DC03FB-7F9C-42A7-80B9-0D743BCD0D9F}.Debug|x86.Build.0 = Debug|Any CPU
		{E6DC03FB-7F9C-42A7-80B9-0D743BCD0D9F}.Release|Any CPU.ActiveCfg = Release|Any CPU
		{E6DC03FB-7F9C-42A7-80B9-0D743BCD0D9F}.Release|Any CPU.Build.0 = Release|Any CPU
		{E6DC03FB-7F9C-42A7-80B9-0D743BCD0D9F}.Release|x64.ActiveCfg = Release|Any CPU
		{E6DC03FB-7F9C-42A7-80B9-0D743BCD0D9F}.Release|x64.Build.0 = Release|Any CPU
		{E6DC03FB-7F9C-42A7-80B9-0D743BCD0D9F}.Release|x86.ActiveCfg = Release|Any CPU
		{E6DC03FB-7F9C-42A7-80B9-0D743BCD0D9F}.Release|x86.Build.0 = Release|Any CPU
		{D9BEF964-5BD9-4B4E-A14E-B76C18D2797C}.Debug|Any CPU.ActiveCfg = Debug|Any CPU
		{D9BEF964-5BD9-4B4E-A14E-B76C18D2797C}.Debug|Any CPU.Build.0 = Debug|Any CPU
		{D9BEF964-5BD9-4B4E-A14E-B76C18D2797C}.Debug|x64.ActiveCfg = Debug|Any CPU
		{D9BEF964-5BD9-4B4E-A14E-B76C18D2797C}.Debug|x64.Build.0 = Debug|Any CPU
		{D9BEF964-5BD9-4B4E-A14E-B76C18D2797C}.Debug|x86.ActiveCfg = Debug|Any CPU
		{D9BEF964-5BD9-4B4E-A14E-B76C18D2797C}.Debug|x86.Build.0 = Debug|Any CPU
		{D9BEF964-5BD9-4B4E-A14E-B76C18D2797C}.Release|Any CPU.ActiveCfg = Release|Any CPU
		{D9BEF964-5BD9-4B4E-A14E-B76C18D2797C}.Release|Any CPU.Build.0 = Release|Any CPU
		{D9BEF964-5BD9-4B4E-A14E-B76C18D2797C}.Release|x64.ActiveCfg = Release|Any CPU
		{D9BEF964-5BD9-4B4E-A14E-B76C18D2797C}.Release|x64.Build.0 = Release|Any CPU
		{D9BEF964-5BD9-4B4E-A14E-B76C18D2797C}.Release|x86.ActiveCfg = Release|Any CPU
		{D9BEF964-5BD9-4B4E-A14E-B76C18D2797C}.Release|x86.Build.0 = Release|Any CPU
	EndGlobalSection
	GlobalSection(SolutionProperties) = preSolution
		HideSolutionNode = FALSE
	EndGlobalSection
	GlobalSection(NestedProjects) = preSolution
		{EB31F4BB-B56E-42A3-A776-00FEDF9B73E4} = {537EB83C-6982-40B0-801A-479DF3B17DBE}
		{A84D365E-4FC5-46DB-B25E-D1BB5D3A8C4A} = {A644CEC3-BD94-4EB6-9BF0-86B562806BF9}
		{72914F05-4DF1-491C-B2E5-EFE9BB12FCC2} = {91A35318-B03F-4D41-AE18-2C21B9D9C3F3}
		{2F4EE253-7D56-4853-ADA7-4F2F6280C2D2} = {537EB83C-6982-40B0-801A-479DF3B17DBE}
		{9AA2BB50-9F1A-43D0-BB6B-C3C4E9765BE1} = {537EB83C-6982-40B0-801A-479DF3B17DBE}
		{5E4658A7-4751-4F85-A558-12B8EBCA2BCA} = {537EB83C-6982-40B0-801A-479DF3B17DBE}
		{0BAC9703-45EE-4E9E-A0F0-556F02FCB901} = {537EB83C-6982-40B0-801A-479DF3B17DBE}
		{A9F3FE17-EF4C-44B8-B265-7D7DBAA42F84} = {537EB83C-6982-40B0-801A-479DF3B17DBE}
		{B8FF9EFA-D8DA-43AB-8056-991FFDB609D8} = {537EB83C-6982-40B0-801A-479DF3B17DBE}
		{F54C9271-5C28-498D-9081-59EAA22FEC69} = {537EB83C-6982-40B0-801A-479DF3B17DBE}
		{35E7A636-C28A-40FC-99F3-CE6A5F3C49BF} = {537EB83C-6982-40B0-801A-479DF3B17DBE}
		{CC36EFCE-CB59-4541-9E1E-2DBE5D1C290E} = {537EB83C-6982-40B0-801A-479DF3B17DBE}
		{F8BC87F2-8864-49F8-B4C2-75662BEBB045} = {537EB83C-6982-40B0-801A-479DF3B17DBE}
		{7FB98CAE-0CDB-4EF8-B9BB-6C51D62252CD} = {537EB83C-6982-40B0-801A-479DF3B17DBE}
		{FD387378-9B27-4852-8A77-684C33FDE844} = {537EB83C-6982-40B0-801A-479DF3B17DBE}
		{4D04B168-6971-4660-BC22-FA7F18150018} = {A644CEC3-BD94-4EB6-9BF0-86B562806BF9}
		{31D54C48-6325-4591-8612-87A917D49028} = {91A35318-B03F-4D41-AE18-2C21B9D9C3F3}
		{EB612E02-609F-4E34-BC3A-94D3ECB9F123} = {537EB83C-6982-40B0-801A-479DF3B17DBE}
		{5D23C3FA-FDDE-4DA3-98C9-7E11AB2144AA} = {537EB83C-6982-40B0-801A-479DF3B17DBE}
		{72C0107F-D32A-4EE0-BFC8-97B7C62A1DB9} = {A644CEC3-BD94-4EB6-9BF0-86B562806BF9}
		{C6BD5E1D-119C-40DE-A596-D26D816CC5E1} = {A644CEC3-BD94-4EB6-9BF0-86B562806BF9}
		{69465F71-DB90-414A-A766-95576CE28A11} = {A644CEC3-BD94-4EB6-9BF0-86B562806BF9}
		{41063348-B221-4848-A989-4A611AF15D71} = {A644CEC3-BD94-4EB6-9BF0-86B562806BF9}
		{621D8E74-2F2D-4C9F-ABEA-21702920AC0E} = {A644CEC3-BD94-4EB6-9BF0-86B562806BF9}
		{0C480B16-1D15-402A-9AA3-9B0BC47F62C1} = {A644CEC3-BD94-4EB6-9BF0-86B562806BF9}
		{C6D7EE0F-6019-41CC-B08F-E50660019336} = {A644CEC3-BD94-4EB6-9BF0-86B562806BF9}
		{60FA097D-9E0C-4850-A1DD-730416AECEA8} = {537EB83C-6982-40B0-801A-479DF3B17DBE}
		{B90E8F25-C9F4-48D9-808C-69FF60A57188} = {537EB83C-6982-40B0-801A-479DF3B17DBE}
		{9C089C00-1464-4295-AE40-28DBFEB67C18} = {537EB83C-6982-40B0-801A-479DF3B17DBE}
		{2AFAB8C9-401C-4BF9-A1A1-3A927F706A79} = {A644CEC3-BD94-4EB6-9BF0-86B562806BF9}
		{15AFADFA-2EAE-48BE-99B4-002DD4D3A291} = {537EB83C-6982-40B0-801A-479DF3B17DBE}
		{1EF20C6D-B2B9-4E91-9545-5CDCBE6B50E6} = {537EB83C-6982-40B0-801A-479DF3B17DBE}
		{BEC1F40F-9126-4A5B-B1B0-EC1BD6DD4CA6} = {537EB83C-6982-40B0-801A-479DF3B17DBE}
		{A1DCD9F0-FD53-4653-8C8F-A429BC8676C6} = {537EB83C-6982-40B0-801A-479DF3B17DBE}
		{D36EECA6-6DAC-4DC2-A427-64A7F85D3984} = {537EB83C-6982-40B0-801A-479DF3B17DBE}
		{E7D98EB2-0E77-4B07-AC77-ECA9D839152B} = {537EB83C-6982-40B0-801A-479DF3B17DBE}
		{53DEA418-6AFE-4173-8CCA-048264FB4FBC} = {537EB83C-6982-40B0-801A-479DF3B17DBE}
		{33F3F98A-6B0C-4596-9CB1-09AF1F709D26} = {537EB83C-6982-40B0-801A-479DF3B17DBE}
		{7A29955C-1720-482E-BF27-55FF96B1BE3E} = {A644CEC3-BD94-4EB6-9BF0-86B562806BF9}
		{FFEEF4AF-D4E9-4C32-85CE-0B8C6B05EA22} = {A644CEC3-BD94-4EB6-9BF0-86B562806BF9}
		{532C396B-2D19-4274-9DA5-7DAD3AF7CC0A} = {A644CEC3-BD94-4EB6-9BF0-86B562806BF9}
		{E89AA3F6-73B1-46C9-BB09-57421848B0AE} = {A644CEC3-BD94-4EB6-9BF0-86B562806BF9}
		{290FBE62-94BA-4EAD-BF89-4260118E9B33} = {537EB83C-6982-40B0-801A-479DF3B17DBE}
		{F1035DEB-9A8B-47C5-8381-D75EEC817932} = {537EB83C-6982-40B0-801A-479DF3B17DBE}
		{280158A8-A745-43F8-89DF-EA83EE0CB0CA} = {537EB83C-6982-40B0-801A-479DF3B17DBE}
		{D70B2212-ABB6-4483-99E1-3E6E35664079} = {537EB83C-6982-40B0-801A-479DF3B17DBE}
		{4D070E29-B248-4F25-8F0B-E89A51A35C41} = {537EB83C-6982-40B0-801A-479DF3B17DBE}
		{7489ACDB-DC78-45AB-9233-56E93836256B} = {537EB83C-6982-40B0-801A-479DF3B17DBE}
		{8426B520-C324-47A3-BD60-221D1291F023} = {537EB83C-6982-40B0-801A-479DF3B17DBE}
		{6085E3B2-0537-4E8B-B482-54D80BCBEE61} = {537EB83C-6982-40B0-801A-479DF3B17DBE}
		{F296CCC8-3148-4F61-A5C6-F63C52544CF1} = {537EB83C-6982-40B0-801A-479DF3B17DBE}
		{AB19FDEF-4675-46BD-9885-70232EBA93F0} = {537EB83C-6982-40B0-801A-479DF3B17DBE}
		{0BECA961-842B-46BD-9E7D-705C3D6630A0} = {537EB83C-6982-40B0-801A-479DF3B17DBE}
		{8529D86F-BC77-4A4E-A804-6083A6D8E766} = {537EB83C-6982-40B0-801A-479DF3B17DBE}
		{0AFEFFBC-6EC8-45EC-AA49-066F381F0CAA} = {537EB83C-6982-40B0-801A-479DF3B17DBE}
		{65B93D37-BF20-4F73-B907-6D21843429DD} = {537EB83C-6982-40B0-801A-479DF3B17DBE}
		{293B0019-AFF3-4F66-9232-9E82F3EDB060} = {A644CEC3-BD94-4EB6-9BF0-86B562806BF9}
		{84969F1E-1C0F-4C06-97BF-F29AECACBCA7} = {A644CEC3-BD94-4EB6-9BF0-86B562806BF9}
		{8C35E198-B11C-4720-B391-B5BDF50834B9} = {A644CEC3-BD94-4EB6-9BF0-86B562806BF9}
		{E6DC03FB-7F9C-42A7-80B9-0D743BCD0D9F} = {A644CEC3-BD94-4EB6-9BF0-86B562806BF9}
		{D9BEF964-5BD9-4B4E-A14E-B76C18D2797C} = {A644CEC3-BD94-4EB6-9BF0-86B562806BF9}
	EndGlobalSection
	GlobalSection(ExtensibilityGlobals) = postSolution
		SolutionGuid = {3F86284A-32D2-4F79-B23C-7A0CB8775971}
	EndGlobalSection
EndGlobal
