{
  "name": "@blazorators/dom-typescript-model",
  "version": "0.1.0",
  "lockfileVersion": 3,
  "requires": true,
  "packages": {
    "": {
      "name": "@blazorators/dom-typescript-model",
      "version": "0.1.0",
      "dependencies": {
        "@webgpu/types": "0.1.71",
        "@webref/idl": "3.81.3",
        "ajv": "8.17.1",
        "typescript": "5.9.3",
        "webidl2": "24.5.0"
      },
      "devDependencies": {
        "@types/node": "26.1.1"
      },
      "engines": {
        "node": ">=24.0.0"
      }
    },
    "node_modules/@types/node": {
      "version": "26.1.1",
      "resolved": "https://ms-feed-2.pkgs.visualstudio.com/1es-public/_packaging/npm-public/npm/registry/@types/node/-/node-26.1.1.tgz",
      "integrity": "sha1-utdY1gHpfWz0V9IE7najX8570Rk=",
      "dev": true,
      "license": "MIT",
      "dependencies": {
        "undici-types": "~8.3.0"
      }
    },
    "node_modules/@webgpu/types": {
      "version": "0.1.71",
      "resolved": "https://ms-feed-2.pkgs.visualstudio.com/1es-public/_packaging/npm-public/npm/registry/@webgpu/types/-/types-0.1.71.tgz",
      "integrity": "sha1-Ru0zungWAp1iLQtS4eAAS/RB25g=",
      "license": "BSD-3-Clause"
    },
    "node_modules/@webref/idl": {
      "version": "3.81.3",
      "resolved": "https://ms-feed-2.pkgs.visualstudio.com/1es-public/_packaging/npm-public/npm/registry/@webref/idl/-/idl-3.81.3.tgz",
      "integrity": "sha1-xNFuOrTa19/z1ztbUbkhgBZ7Oe8=",
      "license": "MIT",
      "peerDependencies": {
        "webidl2": "^24.5.0"
      }
    },
    "node_modules/ajv": {
      "version": "8.17.1",
      "resolved": "https://ms-feed-12.pkgs.visualstudio.com/1es-public/_packaging/npm-public/npm/registry/ajv/-/ajv-8.17.1.tgz",
      "integrity": "sha1-N9mlx3ava8ktf0+VEOukwKYNEaY=",
      "license": "MIT",
      "dependencies": {
        "fast-deep-equal": "^3.1.3",
        "fast-uri": "^3.0.1",
        "json-schema-traverse": "^1.0.0",
        "require-from-string": "^2.0.2"
      },
      "funding": {
        "type": "github",
        "url": "https://github.com/sponsors/epoberezkin"
      }
    },
    "node_modules/fast-deep-equal": {
      "version": "3.1.3",
      "resolved": "https://ms-feed-25.pkgs.visualstudio.com/1es-public/_packaging/npm-public/npm/registry/fast-deep-equal/-/fast-deep-equal-3.1.3.tgz",
      "integrity": "sha1-On1WtVnWy8PrUSMlJE5hmmXGxSU=",
      "license": "MIT"
    },
    "node_modules/fast-uri": {
      "version": "3.1.3",
      "resolved": "https://ms-feed-25.pkgs.visualstudio.com/1es-public/_packaging/npm-public/npm/registry/fast-uri/-/fast-uri-3.1.3.tgz",
      "integrity": "sha1-9pWkDwBqulBWMVc6ACHdshGUrRE=",
      "funding": [
        {
          "type": "github",
          "url": "https://github.com/sponsors/fastify"
        },
        {
          "type": "opencollective",
          "url": "https://opencollective.com/fastify"
        }
      ],
      "license": "BSD-3-Clause"
    },
    "node_modules/json-schema-traverse": {
      "version": "1.0.0",
      "resolved": "https://ms-feed-12.pkgs.visualstudio.com/1es-public/_packaging/npm-public/npm/registry/json-schema-traverse/-/json-schema-traverse-1.0.0.tgz",
      "integrity": "sha1-rnvLNlard6c7pcSb9lTzjmtoYOI=",
      "license": "MIT"
    },
    "node_modules/require-from-string": {
      "version": "2.0.2",
      "resolved": "https://ms-feed-2.pkgs.visualstudio.com/1es-public/_packaging/npm-public/npm/registry/require-from-string/-/require-from-string-2.0.2.tgz",
      "integrity": "sha1-iaf92TgmEmcxjq/hT5wy5ZjDaQk=",
      "license": "MIT",
      "engines": {
        "node": ">=0.10.0"
      }
    },
    "node_modules/typescript": {
      "version": "5.9.3",
      "resolved": "https://ms-feed-12.pkgs.visualstudio.com/1es-public/_packaging/npm-public/npm/registry/typescript/-/typescript-5.9.3.tgz",
      "integrity": "sha1-W09Z4VMQqxeiFvXWz1PuR27eZw8=",
      "license": "Apache-2.0",
      "bin": {
        "tsc": "bin/tsc",
        "tsserver": "bin/tsserver"
      },
      "engines": {
        "node": ">=14.17"
      }
    },
    "node_modules/undici-types": {
      "version": "8.3.0",
      "resolved": "https://ms-feed-2.pkgs.visualstudio.com/1es-public/_packaging/npm-public/npm/registry/undici-types/-/undici-types-8.3.0.tgz",
      "integrity": "sha1-ROn8nzJEZIzeo15Pm7LWgelBCAk=",
      "dev": true,
      "license": "MIT"
    },
    "node_modules/webidl2": {
      "version": "24.5.0",
      "resolved": "https://ms-feed-25.pkgs.visualstudio.com/1es-public/_packaging/npm-public/npm/registry/webidl2/-/webidl2-24.5.0.tgz",
      "integrity": "sha1-mq4WENBrfC1UnYbUiUdVv9ptpAM=",
      "license": "W3C",
      "engines": {
        "node": ">= 18"
      }
    }
  }
}
