{
  "name": "@blazorators/example-search",
  "lockfileVersion": 3,
  "requires": true,
  "packages": {
    "": {
      "name": "@blazorators/example-search",
      "devDependencies": {
        "pagefind": "1.5.0"
      },
      "engines": {
        "node": ">=20.0.0"
      }
    },
    "node_modules/@pagefind/darwin-arm64": {
      "version": "1.5.0",
      "resolved": "https://registry.npmjs.org/@pagefind/darwin-arm64/-/darwin-arm64-1.5.0.tgz",
      "integrity": "sha512-OXQVlxALU9+Lz/LxkAa+RvaxY1cnRKUDCuwl9o8PY5Lg/znP573y4WIbVOOIz8Bv7uj7r00TGy7pD+NSLMJGBw==",
      "cpu": [
        "arm64"
      ],
      "dev": true,
      "license": "MIT",
      "optional": true,
      "os": [
        "darwin"
      ]
    },
    "node_modules/@pagefind/darwin-x64": {
      "version": "1.5.0",
      "resolved": "https://registry.npmjs.org/@pagefind/darwin-x64/-/darwin-x64-1.5.0.tgz",
      "integrity": "sha512-+LK1Xq5n/B0hHc08DW61SnfIlfLKyXZ1oKcbfZ1MimE7Rn0Q6R0VI/TlC04f/JDPm+67zAOwPGizzvefOi5vqQ==",
      "cpu": [
        "x64"
      ],
      "dev": true,
      "license": "MIT",
      "optional": true,
      "os": [
        "darwin"
      ]
    },
    "node_modules/@pagefind/freebsd-x64": {
      "version": "1.5.0",
      "resolved": "https://registry.npmjs.org/@pagefind/freebsd-x64/-/freebsd-x64-1.5.0.tgz",
      "integrity": "sha512-kicDfUF9gn/z06NimTwNlZXF8z3pLsN3BIPPt6N8unuh0n55fr64tVs2p3a5RKYmQkJGjPfOE/C9GI5YTEpURg==",
      "cpu": [
        "x64"
      ],
      "dev": true,
      "license": "MIT",
      "optional": true,
      "os": [
        "freebsd"
      ]
    },
    "node_modules/@pagefind/linux-arm64": {
      "version": "1.5.0",
      "resolved": "https://registry.npmjs.org/@pagefind/linux-arm64/-/linux-arm64-1.5.0.tgz",
      "integrity": "sha512-e5rDB3wPm89bcSLiatKBDTrVTbsMQrrtkXRaAoUJYU0C1suXVvEzZfjmMvrUDvYhZBx/Ls8hGuGxlqSJBz3gDg==",
      "cpu": [
        "arm64"
      ],
      "dev": true,
      "license": "MIT",
      "optional": true,
      "os": [
        "linux"
      ]
    },
    "node_modules/@pagefind/linux-x64": {
      "version": "1.5.0",
      "resolved": "https://registry.npmjs.org/@pagefind/linux-x64/-/linux-x64-1.5.0.tgz",
      "integrity": "sha512-vh52DcBiF/mRMmq+Rwt3M3RgEWgl00jFk/M5NWhLEHJFq4+papQXwbyKbi7cNlxaeYrKx6wOfW3fm9cftfc/Kg==",
      "cpu": [
        "x64"
      ],
      "dev": true,
      "license": "MIT",
      "optional": true,
      "os": [
        "linux"
      ]
    },
    "node_modules/@pagefind/windows-arm64": {
      "version": "1.5.0",
      "resolved": "https://registry.npmjs.org/@pagefind/windows-arm64/-/windows-arm64-1.5.0.tgz",
      "integrity": "sha512-kg+szZwffZdyWn6SL6RHjAYjhSvJ2bT4qkv3KepGsbmD9fuSHUSC+2kydDneDVUA9qEDRf9uSFoEAsXsp1/JKA==",
      "cpu": [
        "arm64"
      ],
      "dev": true,
      "license": "MIT",
      "optional": true,
      "os": [
        "win32"
      ]
    },
    "node_modules/@pagefind/windows-x64": {
      "version": "1.5.0",
      "resolved": "https://registry.npmjs.org/@pagefind/windows-x64/-/windows-x64-1.5.0.tgz",
      "integrity": "sha512-8eOCmB8lnpyvwz+HrcTXLuBxhj7UseAFh6KGEXRe8UCcAfVQih+qPy/4akJRezViI+ONijz9oi7HpMkw9rdtBg==",
      "cpu": [
        "x64"
      ],
      "dev": true,
      "license": "MIT",
      "optional": true,
      "os": [
        "win32"
      ]
    },
    "node_modules/pagefind": {
      "version": "1.5.0",
      "resolved": "https://registry.npmjs.org/pagefind/-/pagefind-1.5.0.tgz",
      "integrity": "sha512-7vQ2xh0ZmjPjsuWONR68nqzb+QNfpPh7pdT6n6YDAthWAQiUkSACVegSswY5zPNONGYFWebFVgdnS5/m/Qqn+w==",
      "dev": true,
      "license": "MIT",
      "bin": {
        "pagefind": "lib/runner/bin.cjs"
      },
      "optionalDependencies": {
        "@pagefind/darwin-arm64": "1.5.0",
        "@pagefind/darwin-x64": "1.5.0",
        "@pagefind/freebsd-x64": "1.5.0",
        "@pagefind/linux-arm64": "1.5.0",
        "@pagefind/linux-x64": "1.5.0",
        "@pagefind/windows-arm64": "1.5.0",
        "@pagefind/windows-x64": "1.5.0"
      }
    }
  }
}
